// !$*UTF8*$!
{
	archiveVersion = 1;
	classes = {
	};
	objectVersion = 46;
	objects = {

/* Begin PBXBuildFile section */
		AC7CC3591EF26CC300564823 /* main.m in Sources */ = {isa = PBXBuildFile; fileRef = AC7CC3581EF26CC300564823 /* main.m */; };
		AC7CC35C1EF26CC300564823 /* EekaPosAppDelegate.m in Sources */ = {isa = PBXBuildFile; fileRef = AC7CC35B1EF26CC300564823 /* EekaPosAppDelegate.m */; };
		AC7CC35F1EF26CC300564823 /* ViewController.m in Sources */ = {isa = PBXBuildFile; fileRef = AC7CC35E1EF26CC300564823 /* ViewController.m */; };
		AC7CC3621EF26CC300564823 /* Main.storyboard in Resources */ = {isa = PBXBuildFile; fileRef = AC7CC3601EF26CC300564823 /* Main.storyboard */; };
		AC7CC3641EF26CC300564823 /* Assets.xcassets in Resources */ = {isa = PBXBuildFile; fileRef = AC7CC3631EF26CC300564823 /* Assets.xcassets */; };
		AC7CC3671EF26CC300564823 /* LaunchScreen.storyboard in Resources */ = {isa = PBXBuildFile; fileRef = AC7CC3651EF26CC300564823 /* LaunchScreen.storyboard */; };
/* End PBXBuildFile section */

/* Begin PBXFileReference section */
		AC7CC3541EF26CC300564823 /* EekaPOS.app */ = {isa = PBXFileReference; explicitFileType = wrapper.application; includeInIndex = 0; path = EekaPOS.app; sourceTree = BUILT_PRODUCTS_DIR; };
		AC7CC3581EF26CC300564823 /* main.m */ = {isa = PBXFileReference; lastKnownFileType = sourcecode.c.objc; path = main.m; sourceTree = "<group>"; };
		AC7CC35A1EF26CC300564823 /* EekaPosAppDelegate.h */ = {isa = PBXFileReference; lastKnownFileType = sourcecode.c.h; path = EekaPosAppDelegate.h; sourceTree = "<group>"; };
		AC7CC35B1EF26CC300564823 /* EekaPosAppDelegate.m */ = {isa = PBXFileReference; lastKnownFileType = sourcecode.c.objc; path = EekaPosAppDelegate.m; sourceTree = "<group>"; };
		AC7CC35D1EF26CC300564823 /* ViewController.h */ = {isa = PBXFileReference; lastKnownFileType = sourcecode.c.h; path = ViewController.h; sourceTree = "<group>"; };
		AC7CC35E1EF26CC300564823 /* ViewController.m */ = {isa = PBXFileReference; lastKnownFileType = sourcecode.c.objc; path = ViewController.m; sourceTree = "<group>"; };
		AC7CC3611EF26CC300564823 /* Base */ = {isa = PBXFileReference; lastKnownFileType = file.storyboard; name = Base; path = Base.lproj/Main.storyboard; sourceTree = "<group>"; };
		AC7CC3631EF26CC300564823 /* Assets.xcassets */ = {isa = PBXFileReference; lastKnownFileType = folder.assetcatalog; path = Assets.xcassets; sourceTree = "<group>"; };
		AC7CC3661EF26CC300564823 /* Base */ = {isa = PBXFileReference; lastKnownFileType = file.storyboard; name = Base; path = Base.lproj/LaunchScreen.storyboard; sourceTree = "<group>"; };
		AC7CC3681EF26CC300564823 /* Info.plist */ = {isa = PBXFileReference; lastKnownFileType = text.plist.xml; path = Info.plist; sourceTree = "<group>"; };
/* End PBXFileReference section */

/* Begin PBXFrameworksBuildPhase section */
		AC7CC3511EF26CC300564823 /* Frameworks */ = {
			isa = PBXFrameworksBuildPhase;
			buildActionMask = 2147483647;
			files = (
			);
			runOnlyForDeploymentPostprocessing = 0;
		};
/* End PBXFrameworksBuildPhase section */

/* Begin PBXGroup section */
		AC7CC34B1EF26CC300564823 = {
			isa = PBXGroup;
			children = (
				AC7CC3561EF26CC300564823 /* EekaPOS */,
				AC7CC3551EF26CC300564823 /* Products */,
			);
			sourceTree = "<group>";
		};
		AC7CC3551EF26CC300564823 /* Products */ = {
			isa = PBXGroup;
			children = (
				AC7CC3541EF26CC300564823 /* EekaPOS.app */,
			);
			name = Products;
			sourceTree = "<group>";
		};
		AC7CC3561EF26CC300564823 /* EekaPOS */ = {
			isa = PBXGroup;
			children = (
				AC7CC35A1EF26CC300564823 /* EekaPosAppDelegate.h */,
				AC7CC35B1EF26CC300564823 /* EekaPosAppDelegate.m */,
				AC7CC35D1EF26CC300564823 /* ViewController.h */,
				AC7CC35E1EF26CC300564823 /* ViewController.m */,
				AC7CC3601EF26CC300564823 /* Main.storyboard */,
				AC7CC3631EF26CC300564823 /* Assets.xcassets */,
				AC7CC3651EF26CC300564823 /* LaunchScreen.storyboard */,
				AC7CC3681EF26CC300564823 /* Info.plist */,
				AC7CC3571EF26CC300564823 /* Supporting Files */,
			);
			path = EekaPOS;
			sourceTree = "<group>";
		};
		AC7CC3571EF26CC300564823 /* Supporting Files */ = {
			isa = PBXGroup;
			children = (
				AC7CC3581EF26CC300564823 /* main.m */,
			);
			name = "Supporting Files";
			sourceTree = "<group>";
		};
/* End PBXGroup section */

/* Begin PBXNativeTarget section */
		AC7CC3531EF26CC300564823 /* EekaPOS */ = {
			isa = PBXNativeTarget;
			buildConfigurationList = AC7CC36B1EF26CC300564823 /* Build configuration list for PBXNativeTarget "EekaPOS" */;
			buildPhases = (
				AC7CC3501EF26CC300564823 /* Sources */,
				AC7CC3511EF26CC300564823 /* Frameworks */,
				AC7CC3521EF26CC300564823 /* Resources */,
			);
			buildRules = (
			);
			dependencies = (
			);
			name = EekaPOS;
			productName = EekaPOS;
			productReference = AC7CC3541EF26CC300564823 /* EekaPOS.app */;
			productType = "com.apple.product-type.application";
		};
/* End PBXNativeTarget section */

/* Begin PBXProject section */
		AC7CC34C1EF26CC300564823 /* Project object */ = {
			isa = PBXProject;
			attributes = {
				LastUpgradeCheck = 0830;
				ORGANIZATIONNAME = eeka;
				TargetAttributes = {
					AC7CC3531EF26CC300564823 = {
						CreatedOnToolsVersion = 8.3.1;
						DevelopmentTeam = 2C97V99SA2;
						ProvisioningStyle = Automatic;
					};
				};
			};
			buildConfigurationList = AC7CC34F1EF26CC300564823 /* Build configuration list for PBXProject "EekaPOS" */;
			compatibilityVersion = "Xcode 3.2";
			developmentRegion = English;
			hasScannedForEncodings = 0;
			knownRegions = (
				en,
				Base,
			);
			mainGroup = AC7CC34B1EF26CC300564823;
			productRefGroup = AC7CC3551EF26CC300564823 /* Products */;
			projectDirPath = "";
			projectRoot = "";
			targets = (
				AC7CC3531EF26CC300564823 /* EekaPOS */,
			);
		};
/* End PBXProject section */

/* Begin PBXResourcesBuildPhase section */
		AC7CC3521EF26CC300564823 /* Resources */ = {
			isa = PBXResourcesBuildPhase;
			buildActionMask = 2147483647;
			files = (
				AC7CC3671EF26CC300564823 /* LaunchScreen.storyboard in Resources */,
				AC7CC3641EF26CC300564823 /* Assets.xcassets in Resources */,
				AC7CC3621EF26CC300564823 /* Main.storyboard in Resources */,
			);
			runOnlyForDeploymentPostprocessing = 0;
		};
/* End PBXResourcesBuildPhase section */

/* Begin PBXSourcesBuildPhase section */
		AC7CC3501EF26CC300564823 /* Sources */ = {
			isa = PBXSourcesBuildPhase;
			buildActionMask = 2147483647;
			files = (
				AC7CC35F1EF26CC300564823 /* ViewController.m in Sources */,
				AC7CC35C1EF26CC300564823 /* EekaPosAppDelegate.m in Sources */,
				AC7CC3591EF26CC300564823 /* main.m in Sources */,
			);
			runOnlyForDeploymentPostprocessing = 0;
		};
/* End PBXSourcesBuildPhase section */

/* Begin PBXVariantGroup section */
		AC7CC3601EF26CC300564823 /* Main.storyboard */ = {
			isa = PBXVariantGroup;
			children = (
				AC7CC3611EF26CC300564823 /* Base */,
			);
			name = Main.storyboard;
			sourceTree = "<group>";
		};
		AC7CC3651EF26CC300564823 /* LaunchScreen.storyboard */ = {
			isa = PBXVariantGroup;
			children = (
				AC7CC3661EF26CC300564823 /* Base */,
			);
			name = LaunchScreen.storyboard;
			sourceTree = "<group>";
		};
/* End PBXVariantGroup section */

/* Begin XCBuildConfiguration section */
		AC7CC3691EF26CC300564823 /* Debug */ = {
			isa = XCBuildConfiguration;
			buildSettings = {
				ALWAYS_SEARCH_USER_PATHS = NO;
				CLANG_ANALYZER_NONNULL = YES;
				CLANG_ANALYZER_NUMBER_OBJECT_CONVERSION = YES_AGGRESSIVE;
				CLANG_CXX_LANGUAGE_STANDARD = "gnu++0x";
				CLANG_CXX_LIBRARY = "libc++";
				CLANG_ENABLE_MODULES = YES;
				CLANG_ENABLE_OBJC_ARC = YES;
				CLANG_WARN_BOOL_CONVERSION = YES;
				CLANG_WARN_CONSTANT_CONVERSION = YES;
				CLANG_WARN_DIRECT_OBJC_ISA_USAGE = YES_ERROR;
				CLANG_WARN_DOCUMENTATION_COMMENTS = YES;
				CLANG_WARN_EMPTY_BODY = YES;
				CLANG_WARN_ENUM_CONVERSION = YES;
				CLANG_WARN_INFINITE_RECURSION = YES;
				CLANG_WARN_INT_CONVERSION = YES;
				CLANG_WARN_OBJC_ROOT_CLASS = YES_ERROR;
				CLANG_WARN_SUSPICIOUS_MOVE = YES;
				CLANG_WARN_UNREACHABLE_CODE = YES;
				CLANG_WARN__DUPLICATE_METHOD_MATCH = YES;
				"CODE_SIGN_IDENTITY[sdk=iphoneos*]" = "iPhone Developer";
				COPY_PHASE_STRIP = NO;
				DEBUG_INFORMATION_FORMAT = dwarf;
				ENABLE_STRICT_OBJC_MSGSEND = YES;
				ENABLE_TESTABILITY = YES;
				GCC_C_LANGUAGE_STANDARD = gnu99;
				GCC_DYNAMIC_NO_PIC = NO;
				GCC_NO_COMMON_BLOCKS = YES;
				GCC_OPTIMIZATION_LEVEL = 0;
				GCC_PREPROCESSOR_DEFINITIONS = (
					"DEBUG=1",
					"$(inherited)",
				);
				GCC_WARN_64_TO_32_BIT_CONVERSION = YES;
				GCC_WARN_ABOUT_RETURN_TYPE = YES_ERROR;
				GCC_WARN_UNDECLARED_SELECTOR = YES;
				GCC_WARN_UNINITIALIZED_AUTOS = YES_AGGRESSIVE;
				GCC_WARN_UNUSED_FUNCTION = YES;
				GCC_WARN_UNUSED_VARIABLE = YES;
				IPHONEOS_DEPLOYMENT_TARGET = 10.3;
				MTL_ENABLE_DEBUG_INFO = YES;
				ONLY_ACTIVE_ARCH = YES;
				SDKROOT = iphoneos;
				TARGETED_DEVICE_FAMILY = "1,2";
			};
			name = Debug;
		};
		AC7CC36A1EF26CC300564823 /* Release */ = {
			isa = XCBuildConfiguration;
			buildSettings = {
				ALWAYS_SEARCH_USER_PATHS = NO;
				CLANG_ANALYZER_NONNULL = YES;
				CLANG_ANALYZER_NUMBER_OBJECT_CONVERSION = YES_AGGRESSIVE;
				CLANG_CXX_LANGUAGE_STANDARD = "gnu++0x";
				CLANG_CXX_LIBRARY = "libc++";
				CLANG_ENABLE_MODULES = YES;
				CLANG_ENABLE_OBJC_ARC = YES;
				CLANG_WARN_BOOL_CONVERSION = YES;
				CLANG_WARN_CONSTANT_CONVERSION = YES;
				CLANG_WARN_DIRECT_OBJC_ISA_USAGE = YES_ERROR;
				CLANG_WARN_DOCUMENTATION_COMMENTS = YES;
				CLANG_WARN_EMPTY_BODY = YES;
				CLANG_WARN_ENUM_CONVERSION = YES;
				CLANG_WARN_INFINITE_RECURSION = YES;
				CLANG_WARN_INT_CONVERSION = YES;
				CLANG_WARN_OBJC_ROOT_CLASS = YES_ERROR;
				CLANG_WARN_SUSPICIOUS_MOVE = YES;
				CLANG_WARN_UNREACHABLE_CODE = YES;
				CLANG_WARN__DUPLICATE_METHOD_MATCH = YES;
				"CODE_SIGN_IDENTITY[sdk=iphoneos*]" = "iPhone Developer";
				COPY_PHASE_STRIP = NO;
				DEBUG_INFORMATION_FORMAT = "dwarf-with-dsym";
				ENABLE_NS_ASSERTIONS = NO;
				ENABLE_STRICT_OBJC_MSGSEND = YES;
				GCC_C_LANGUAGE_STANDARD = gnu99;
				GCC_NO_COMMON_BLOCKS = YES;
				GCC_WARN_64_TO_32_BIT_CONVERSION = YES;
				GCC_WARN_ABOUT_RETURN_TYPE = YES_ERROR;
				GCC_WARN_UNDECLARED_SELECTOR = YES;
				GCC_WARN_UNINITIALIZED_AUTOS = YES_AGGRESSIVE;
				GCC_WARN_UNUSED_FUNCTION = YES;
				GCC_WARN_UNUSED_VARIABLE = YES;
				IPHONEOS_DEPLOYMENT_TARGET = 10.3;
				MTL_ENABLE_DEBUG_INFO = NO;
				SDKROOT = iphoneos;
				TARGETED_DEVICE_FAMILY = "1,2";
				VALIDATE_PRODUCT = YES;
			};
			name = Release;
		};
		AC7CC36C1EF26CC300564823 /* Debug */ = {
			isa = XCBuildConfiguration;
			buildSettings = {
				ASSETCATALOG_COMPILER_APPICON_NAME = AppIcon;
				"CODE_SIGN_IDENTITY[sdk=iphoneos*]" = "iPhone Developer";
				DEVELOPMENT_TEAM = 2C97V99SA2;
				INFOPLIST_FILE = EekaPOS/Info.plist;
				IPHONEOS_DEPLOYMENT_TARGET = 8.0;
				LD_RUNPATH_SEARCH_PATHS = "$(inherited) @executable_path/Frameworks";
				PRODUCT_BUNDLE_IDENTIFIER = cn.eeka.eekapos;
				PRODUCT_NAME = "$(TARGET_NAME)";
				PROVISIONING_PROFILE_SPECIFIER = "";
			};
			name = Debug;
		};
		AC7CC36D1EF26CC300564823 /* Release */ = {
			isa = XCBuildConfiguration;
			buildSettings = {
				ASSETCATALOG_COMPILER_APPICON_NAME = AppIcon;
				"CODE_SIGN_IDENTITY[sdk=iphoneos*]" = "iPhone Developer";
				DEVELOPMENT_TEAM = 2C97V99SA2;
				INFOPLIST_FILE = EekaPOS/Info.plist;
				IPHONEOS_DEPLOYMENT_TARGET = 8.0;
				LD_RUNPATH_SEARCH_PATHS = "$(inherited) @executable_path/Frameworks";
				PRODUCT_BUNDLE_IDENTIFIER = cn.eeka.eekapos;
				PRODUCT_NAME = "$(TARGET_NAME)";
				PROVISIONING_PROFILE_SPECIFIER = "";
			};
			name = Release;
		};
/* End XCBuildConfiguration section */

/* Begin XCConfigurationList section */
		AC7CC34F1EF26CC300564823 /* Build configuration list for PBXProject "EekaPOS" */ = {
			isa = XCConfigurationList;
			buildConfigurations = (
				AC7CC3691EF26CC300564823 /* Debug */,
				AC7CC36A1EF26CC300564823 /* Release */,
			);
			defaultConfigurationIsVisible = 0;
			defaultConfigurationName = Release;
		};
		AC7CC36B1EF26CC300564823 /* Build configuration list for PBXNativeTarget "EekaPOS" */ = {
			isa = XCConfigurationList;
			buildConfigurations = (
				AC7CC36C1EF26CC300564823 /* Debug */,
				AC7CC36D1EF26CC300564823 /* Release */,
			);
			defaultConfigurationIsVisible = 0;
			defaultConfigurationName = Release;
		};
/* End XCConfigurationList section */
	};
	rootObject = AC7CC34C1EF26CC300564823 /* Project object */;
}
