// !$*UTF8*$!
{
	archiveVersion = 1;
	classes = {
	};
	objectVersion = 46;
	objects = {

/* Begin PBXBuildFile section */
		AC26E7D51EF3B2D300C4FAA6 /* UIKit.framework in Frameworks */ = {isa = PBXBuildFile; fileRef = AC26E7D41EF3B2D300C4FAA6 /* UIKit.framework */; };
		AC26E7D91EF3B2E700C4FAA6 /* AVFoundation.framework in Frameworks */ = {isa = PBXBuildFile; fileRef = AC26E7D61EF3B2E700C4FAA6 /* AVFoundation.framework */; };
		AC26E7DA1EF3B2E700C4FAA6 /* CoreFoundation.framework in Frameworks */ = {isa = PBXBuildFile; fileRef = AC26E7D71EF3B2E700C4FAA6 /* CoreFoundation.framework */; };
		AC26E7DB1EF3B2E700C4FAA6 /* Foundation.framework in Frameworks */ = {isa = PBXBuildFile; fileRef = AC26E7D81EF3B2E700C4FAA6 /* Foundation.framework */; };
		AC26E7DE1EF3B3EB00C4FAA6 /* SystemConfiguration.framework in Frameworks */ = {isa = PBXBuildFile; fileRef = AC26E7DD1EF3B3EB00C4FAA6 /* SystemConfiguration.framework */; };
		AC26E7E01EF3B3F200C4FAA6 /* Security.framework in Frameworks */ = {isa = PBXBuildFile; fileRef = AC26E7DF1EF3B3F200C4FAA6 /* Security.framework */; };
		AC26E7E21EF3B3FA00C4FAA6 /* CFNetwork.framework in Frameworks */ = {isa = PBXBuildFile; fileRef = AC26E7E11EF3B3FA00C4FAA6 /* CFNetwork.framework */; };
		AC26E7E41EF3B40300C4FAA6 /* JavaScriptCore.framework in Frameworks */ = {isa = PBXBuildFile; fileRef = AC26E7E31EF3B40300C4FAA6 /* JavaScriptCore.framework */; };
		AC26E7E61EF3B40B00C4FAA6 /* CoreGraphics.framework in Frameworks */ = {isa = PBXBuildFile; fileRef = AC26E7E51EF3B40B00C4FAA6 /* CoreGraphics.framework */; };
		AC26E7E81EF3B53800C4FAA6 /* libz.tbd in Frameworks */ = {isa = PBXBuildFile; fileRef = AC26E7E71EF3B53800C4FAA6 /* libz.tbd */; };
		AC26E7EA1EF3B54300C4FAA6 /* libc++.tbd in Frameworks */ = {isa = PBXBuildFile; fileRef = AC26E7E91EF3B54300C4FAA6 /* libc++.tbd */; };
		AC26E8741EF3DDA600C4FAA6 /* HexColors.m in Sources */ = {isa = PBXBuildFile; fileRef = AC26E7F31EF3DDA600C4FAA6 /* HexColors.m */; };
		AC26E8751EF3DDA600C4FAA6 /* MBProgressHUD.m in Sources */ = {isa = PBXBuildFile; fileRef = AC26E7F61EF3DDA600C4FAA6 /* MBProgressHUD.m */; };
		AC26E87D1EF3DDA600C4FAA6 /* YTKAnimatingRequestAccessory.m in Sources */ = {isa = PBXBuildFile; fileRef = AC26E80A1EF3DDA600C4FAA6 /* YTKAnimatingRequestAccessory.m */; };
		AC26E87E1EF3DDA600C4FAA6 /* YTKBaseRequest+AnimatingAccessory.m in Sources */ = {isa = PBXBuildFile; fileRef = AC26E80C1EF3DDA600C4FAA6 /* YTKBaseRequest+AnimatingAccessory.m */; };
		AC26E87F1EF3DDA600C4FAA6 /* YTKBatchRequest+AnimatingAccessory.m in Sources */ = {isa = PBXBuildFile; fileRef = AC26E80E1EF3DDA600C4FAA6 /* YTKBatchRequest+AnimatingAccessory.m */; };
		AC26E8801EF3DDA600C4FAA6 /* YTKChainRequest+AnimatingAccessory.m in Sources */ = {isa = PBXBuildFile; fileRef = AC26E8101EF3DDA600C4FAA6 /* YTKChainRequest+AnimatingAccessory.m */; };
		AC26E8811EF3DDA600C4FAA6 /* AFHTTPSessionManager.m in Sources */ = {isa = PBXBuildFile; fileRef = AC26E8131EF3DDA600C4FAA6 /* AFHTTPSessionManager.m */; };
		AC26E8821EF3DDA600C4FAA6 /* AFNetworkReachabilityManager.m in Sources */ = {isa = PBXBuildFile; fileRef = AC26E8161EF3DDA600C4FAA6 /* AFNetworkReachabilityManager.m */; };
		AC26E8831EF3DDA600C4FAA6 /* AFSecurityPolicy.m in Sources */ = {isa = PBXBuildFile; fileRef = AC26E8181EF3DDA600C4FAA6 /* AFSecurityPolicy.m */; };
		AC26E8841EF3DDA600C4FAA6 /* AFURLRequestSerialization.m in Sources */ = {isa = PBXBuildFile; fileRef = AC26E81A1EF3DDA600C4FAA6 /* AFURLRequestSerialization.m */; };
		AC26E8851EF3DDA600C4FAA6 /* AFURLResponseSerialization.m in Sources */ = {isa = PBXBuildFile; fileRef = AC26E81C1EF3DDA600C4FAA6 /* AFURLResponseSerialization.m */; };
		AC26E8861EF3DDA600C4FAA6 /* AFURLSessionManager.m in Sources */ = {isa = PBXBuildFile; fileRef = AC26E81E1EF3DDA600C4FAA6 /* AFURLSessionManager.m */; };
		AC26E8871EF3DDA600C4FAA6 /* HYBNetworking.m in Sources */ = {isa = PBXBuildFile; fileRef = AC26E8211EF3DDA600C4FAA6 /* HYBNetworking.m */; };
		AC26E8881EF3DDA600C4FAA6 /* MFNetwork.m in Sources */ = {isa = PBXBuildFile; fileRef = AC26E8231EF3DDA600C4FAA6 /* MFNetwork.m */; };
		AC26E8891EF3DDA600C4FAA6 /* MFNetworkRequest.m in Sources */ = {isa = PBXBuildFile; fileRef = AC26E8251EF3DDA600C4FAA6 /* MFNetworkRequest.m */; };
		AC26E88A1EF3DDA600C4FAA6 /* YTKBaseRequest.m in Sources */ = {isa = PBXBuildFile; fileRef = AC26E8281EF3DDA600C4FAA6 /* YTKBaseRequest.m */; };
		AC26E88B1EF3DDA600C4FAA6 /* YTKBatchRequest.m in Sources */ = {isa = PBXBuildFile; fileRef = AC26E82A1EF3DDA600C4FAA6 /* YTKBatchRequest.m */; };
		AC26E88C1EF3DDA600C4FAA6 /* YTKBatchRequestAgent.m in Sources */ = {isa = PBXBuildFile; fileRef = AC26E82C1EF3DDA600C4FAA6 /* YTKBatchRequestAgent.m */; };
		AC26E88D1EF3DDA600C4FAA6 /* YTKChainRequest.m in Sources */ = {isa = PBXBuildFile; fileRef = AC26E82E1EF3DDA600C4FAA6 /* YTKChainRequest.m */; };
		AC26E88E1EF3DDA600C4FAA6 /* YTKChainRequestAgent.m in Sources */ = {isa = PBXBuildFile; fileRef = AC26E8301EF3DDA600C4FAA6 /* YTKChainRequestAgent.m */; };
		AC26E88F1EF3DDA600C4FAA6 /* YTKNetworkAgent.m in Sources */ = {isa = PBXBuildFile; fileRef = AC26E8331EF3DDA600C4FAA6 /* YTKNetworkAgent.m */; };
		AC26E8901EF3DDA600C4FAA6 /* YTKNetworkConfig.m in Sources */ = {isa = PBXBuildFile; fileRef = AC26E8351EF3DDA600C4FAA6 /* YTKNetworkConfig.m */; };
		AC26E8911EF3DDA600C4FAA6 /* YTKNetworkPrivate.m in Sources */ = {isa = PBXBuildFile; fileRef = AC26E8371EF3DDA600C4FAA6 /* YTKNetworkPrivate.m */; };
		AC26E8921EF3DDA600C4FAA6 /* YTKRequest.m in Sources */ = {isa = PBXBuildFile; fileRef = AC26E8391EF3DDA600C4FAA6 /* YTKRequest.m */; };
		AC26E8931EF3DDA600C4FAA6 /* MKAnnotationView+WebCache.m in Sources */ = {isa = PBXBuildFile; fileRef = AC26E83C1EF3DDA600C4FAA6 /* MKAnnotationView+WebCache.m */; };
		AC26E8941EF3DDA600C4FAA6 /* NSData+ImageContentType.m in Sources */ = {isa = PBXBuildFile; fileRef = AC26E83E1EF3DDA600C4FAA6 /* NSData+ImageContentType.m */; };
		AC26E8951EF3DDA600C4FAA6 /* SDImageCache.m in Sources */ = {isa = PBXBuildFile; fileRef = AC26E8401EF3DDA600C4FAA6 /* SDImageCache.m */; };
		AC26E8961EF3DDA600C4FAA6 /* SDWebImageCompat.m in Sources */ = {isa = PBXBuildFile; fileRef = AC26E8421EF3DDA600C4FAA6 /* SDWebImageCompat.m */; };
		AC26E8971EF3DDA600C4FAA6 /* SDWebImageDecoder.m in Sources */ = {isa = PBXBuildFile; fileRef = AC26E8441EF3DDA600C4FAA6 /* SDWebImageDecoder.m */; };
		AC26E8981EF3DDA600C4FAA6 /* SDWebImageDownloader.m in Sources */ = {isa = PBXBuildFile; fileRef = AC26E8461EF3DDA600C4FAA6 /* SDWebImageDownloader.m */; };
		AC26E8991EF3DDA600C4FAA6 /* SDWebImageDownloaderOperation.m in Sources */ = {isa = PBXBuildFile; fileRef = AC26E8481EF3DDA600C4FAA6 /* SDWebImageDownloaderOperation.m */; };
		AC26E89A1EF3DDA600C4FAA6 /* SDWebImageManager.m in Sources */ = {isa = PBXBuildFile; fileRef = AC26E84A1EF3DDA600C4FAA6 /* SDWebImageManager.m */; };
		AC26E89B1EF3DDA600C4FAA6 /* SDWebImagePrefetcher.m in Sources */ = {isa = PBXBuildFile; fileRef = AC26E84D1EF3DDA600C4FAA6 /* SDWebImagePrefetcher.m */; };
		AC26E89C1EF3DDA600C4FAA6 /* UIButton+WebCache.m in Sources */ = {isa = PBXBuildFile; fileRef = AC26E84F1EF3DDA600C4FAA6 /* UIButton+WebCache.m */; };
		AC26E89D1EF3DDA600C4FAA6 /* UIImage+GIF.m in Sources */ = {isa = PBXBuildFile; fileRef = AC26E8511EF3DDA600C4FAA6 /* UIImage+GIF.m */; };
		AC26E89E1EF3DDA600C4FAA6 /* UIImage+MultiFormat.m in Sources */ = {isa = PBXBuildFile; fileRef = AC26E8531EF3DDA600C4FAA6 /* UIImage+MultiFormat.m */; };
		AC26E89F1EF3DDA600C4FAA6 /* UIImage+WebP.m in Sources */ = {isa = PBXBuildFile; fileRef = AC26E8551EF3DDA600C4FAA6 /* UIImage+WebP.m */; };
		AC26E8A01EF3DDA600C4FAA6 /* UIImageView+HighlightedWebCache.m in Sources */ = {isa = PBXBuildFile; fileRef = AC26E8571EF3DDA600C4FAA6 /* UIImageView+HighlightedWebCache.m */; };
		AC26E8A11EF3DDA600C4FAA6 /* UIImageView+WebCache.m in Sources */ = {isa = PBXBuildFile; fileRef = AC26E8591EF3DDA600C4FAA6 /* UIImageView+WebCache.m */; };
		AC26E8A21EF3DDA600C4FAA6 /* UIView+WebCacheOperation.m in Sources */ = {isa = PBXBuildFile; fileRef = AC26E85B1EF3DDA600C4FAA6 /* UIView+WebCacheOperation.m */; };
		AC26E8A31EF3DDA600C4FAA6 /* UIScrollView+SVInfiniteScrolling.m in Sources */ = {isa = PBXBuildFile; fileRef = AC26E85F1EF3DDA600C4FAA6 /* UIScrollView+SVInfiniteScrolling.m */; };
		AC26E8A41EF3DDA600C4FAA6 /* UIScrollView+SVPullToRefresh.m in Sources */ = {isa = PBXBuildFile; fileRef = AC26E8611EF3DDA600C4FAA6 /* UIScrollView+SVPullToRefresh.m */; };
		AC26E8A51EF3DDA600C4FAA6 /* Bugly.framework in Frameworks */ = {isa = PBXBuildFile; fileRef = AC26E8631EF3DDA600C4FAA6 /* Bugly.framework */; };
		AC26E8A61EF3DDA600C4FAA6 /* MFThirdPartyPlugin.m in Sources */ = {isa = PBXBuildFile; fileRef = AC26E8651EF3DDA600C4FAA6 /* MFThirdPartyPlugin.m */; };
		AC26E8A71EF3DDA600C4FAA6 /* TTTAttributedLabel.m in Sources */ = {isa = PBXBuildFile; fileRef = AC26E8681EF3DDA600C4FAA6 /* TTTAttributedLabel.m */; };
		AC26E8A81EF3DDA600C4FAA6 /* XXNibBridge.m in Sources */ = {isa = PBXBuildFile; fileRef = AC26E86B1EF3DDA600C4FAA6 /* XXNibBridge.m */; };
		AC26E8A91EF3DDA600C4FAA6 /* XXNibConvention.m in Sources */ = {isa = PBXBuildFile; fileRef = AC26E86D1EF3DDA600C4FAA6 /* XXNibConvention.m */; };
		AC26E8AA1EF3DDA600C4FAA6 /* NSObject+YYModel.m in Sources */ = {isa = PBXBuildFile; fileRef = AC26E8701EF3DDA600C4FAA6 /* NSObject+YYModel.m */; };
		AC26E8AB1EF3DDA600C4FAA6 /* YYClassInfo.m in Sources */ = {isa = PBXBuildFile; fileRef = AC26E8721EF3DDA600C4FAA6 /* YYClassInfo.m */; };
		AC26E8B01EF3E05300C4FAA6 /* EPAppViewControllerManager.m in Sources */ = {isa = PBXBuildFile; fileRef = AC26E8AF1EF3E05300C4FAA6 /* EPAppViewControllerManager.m */; };
		AC26E8B31EF3E15A00C4FAA6 /* MMTabBarController.m in Sources */ = {isa = PBXBuildFile; fileRef = AC26E8B21EF3E15A00C4FAA6 /* MMTabBarController.m */; };
		AC26E8B71EF3E1AE00C4FAA6 /* EPLoginViewController.m in Sources */ = {isa = PBXBuildFile; fileRef = AC26E8B61EF3E1AE00C4FAA6 /* EPLoginViewController.m */; };
		AC26E8BA1EF3E20900C4FAA6 /* EPLoginUserModel.m in Sources */ = {isa = PBXBuildFile; fileRef = AC26E8B91EF3E20900C4FAA6 /* EPLoginUserModel.m */; };
		AC7CC3591EF26CC300564823 /* main.m in Sources */ = {isa = PBXBuildFile; fileRef = AC7CC3581EF26CC300564823 /* main.m */; };
		AC7CC35C1EF26CC300564823 /* EekaPosAppDelegate.m in Sources */ = {isa = PBXBuildFile; fileRef = AC7CC35B1EF26CC300564823 /* EekaPosAppDelegate.m */; };
		AC7CC3621EF26CC300564823 /* Main.storyboard in Resources */ = {isa = PBXBuildFile; fileRef = AC7CC3601EF26CC300564823 /* Main.storyboard */; };
		AC7CC3641EF26CC300564823 /* Assets.xcassets in Resources */ = {isa = PBXBuildFile; fileRef = AC7CC3631EF26CC300564823 /* Assets.xcassets */; };
		AC7CC3671EF26CC300564823 /* LaunchScreen.storyboard in Resources */ = {isa = PBXBuildFile; fileRef = AC7CC3651EF26CC300564823 /* LaunchScreen.storyboard */; };
		AC950E511EF4AF54003EEBD0 /* MMBaseInfoItem.m in Sources */ = {isa = PBXBuildFile; fileRef = AC950E3C1EF4AF54003EEBD0 /* MMBaseInfoItem.m */; };
		AC950E521EF4AF54003EEBD0 /* MMBaseTextFieldItem.m in Sources */ = {isa = PBXBuildFile; fileRef = AC950E3E1EF4AF54003EEBD0 /* MMBaseTextFieldItem.m */; };
		AC950E531EF4AF54003EEBD0 /* MMNavigationController.m in Sources */ = {isa = PBXBuildFile; fileRef = AC950E401EF4AF54003EEBD0 /* MMNavigationController.m */; };
		AC950E541EF4AF54003EEBD0 /* MMObject.m in Sources */ = {isa = PBXBuildFile; fileRef = AC950E421EF4AF54003EEBD0 /* MMObject.m */; };
		AC950E551EF4AF54003EEBD0 /* MMOnePixLayoutConstraint.m in Sources */ = {isa = PBXBuildFile; fileRef = AC950E441EF4AF54003EEBD0 /* MMOnePixLayoutConstraint.m */; };
		AC950E561EF4AF54003EEBD0 /* MMSelectButton.m in Sources */ = {isa = PBXBuildFile; fileRef = AC950E461EF4AF54003EEBD0 /* MMSelectButton.m */; };
		AC950E571EF4AF54003EEBD0 /* MMTableViewCell.m in Sources */ = {isa = PBXBuildFile; fileRef = AC950E481EF4AF54003EEBD0 /* MMTableViewCell.m */; };
		AC950E581EF4AF54003EEBD0 /* MMUIBridgeView.m in Sources */ = {isa = PBXBuildFile; fileRef = AC950E4A1EF4AF54003EEBD0 /* MMUIBridgeView.m */; };
		AC950E591EF4AF54003EEBD0 /* MMUITextField.m in Sources */ = {isa = PBXBuildFile; fileRef = AC950E4C1EF4AF54003EEBD0 /* MMUITextField.m */; };
		AC950E5A1EF4AF54003EEBD0 /* MMUIView.m in Sources */ = {isa = PBXBuildFile; fileRef = AC950E4E1EF4AF54003EEBD0 /* MMUIView.m */; };
		AC950E5B1EF4AF54003EEBD0 /* MMViewController.m in Sources */ = {isa = PBXBuildFile; fileRef = AC950E501EF4AF54003EEBD0 /* MMViewController.m */; };
		AC950E621EF4B064003EEBD0 /* Aspects.m in Sources */ = {isa = PBXBuildFile; fileRef = AC950E611EF4B064003EEBD0 /* Aspects.m */; };
		AC950E691EF4B184003EEBD0 /* MMService.m in Sources */ = {isa = PBXBuildFile; fileRef = AC950E661EF4B184003EEBD0 /* MMService.m */; };
		AC950E6A1EF4B184003EEBD0 /* MMServiceCenter.m in Sources */ = {isa = PBXBuildFile; fileRef = AC950E681EF4B184003EEBD0 /* MMServiceCenter.m */; };
/* End PBXBuildFile section */

/* Begin PBXFileReference section */
		AC26E7D41EF3B2D300C4FAA6 /* UIKit.framework */ = {isa = PBXFileReference; lastKnownFileType = wrapper.framework; name = UIKit.framework; path = System/Library/Frameworks/UIKit.framework; sourceTree = SDKROOT; };
		AC26E7D61EF3B2E700C4FAA6 /* AVFoundation.framework */ = {isa = PBXFileReference; lastKnownFileType = wrapper.framework; name = AVFoundation.framework; path = System/Library/Frameworks/AVFoundation.framework; sourceTree = SDKROOT; };
		AC26E7D71EF3B2E700C4FAA6 /* CoreFoundation.framework */ = {isa = PBXFileReference; lastKnownFileType = wrapper.framework; name = CoreFoundation.framework; path = System/Library/Frameworks/CoreFoundation.framework; sourceTree = SDKROOT; };
		AC26E7D81EF3B2E700C4FAA6 /* Foundation.framework */ = {isa = PBXFileReference; lastKnownFileType = wrapper.framework; name = Foundation.framework; path = System/Library/Frameworks/Foundation.framework; sourceTree = SDKROOT; };
		AC26E7DC1EF3B39F00C4FAA6 /* EekaPos-pch.pch */ = {isa = PBXFileReference; fileEncoding = 4; lastKnownFileType = sourcecode.c.h; path = "EekaPos-pch.pch"; sourceTree = "<group>"; };
		AC26E7DD1EF3B3EB00C4FAA6 /* SystemConfiguration.framework */ = {isa = PBXFileReference; lastKnownFileType = wrapper.framework; name = SystemConfiguration.framework; path = System/Library/Frameworks/SystemConfiguration.framework; sourceTree = SDKROOT; };
		AC26E7DF1EF3B3F200C4FAA6 /* Security.framework */ = {isa = PBXFileReference; lastKnownFileType = wrapper.framework; name = Security.framework; path = System/Library/Frameworks/Security.framework; sourceTree = SDKROOT; };
		AC26E7E11EF3B3FA00C4FAA6 /* CFNetwork.framework */ = {isa = PBXFileReference; lastKnownFileType = wrapper.framework; name = CFNetwork.framework; path = System/Library/Frameworks/CFNetwork.framework; sourceTree = SDKROOT; };
		AC26E7E31EF3B40300C4FAA6 /* JavaScriptCore.framework */ = {isa = PBXFileReference; lastKnownFileType = wrapper.framework; name = JavaScriptCore.framework; path = System/Library/Frameworks/JavaScriptCore.framework; sourceTree = SDKROOT; };
		AC26E7E51EF3B40B00C4FAA6 /* CoreGraphics.framework */ = {isa = PBXFileReference; lastKnownFileType = wrapper.framework; name = CoreGraphics.framework; path = System/Library/Frameworks/CoreGraphics.framework; sourceTree = SDKROOT; };
		AC26E7E71EF3B53800C4FAA6 /* libz.tbd */ = {isa = PBXFileReference; lastKnownFileType = "sourcecode.text-based-dylib-definition"; name = libz.tbd; path = usr/lib/libz.tbd; sourceTree = SDKROOT; };
		AC26E7E91EF3B54300C4FAA6 /* libc++.tbd */ = {isa = PBXFileReference; lastKnownFileType = "sourcecode.text-based-dylib-definition"; name = "libc++.tbd"; path = "usr/lib/libc++.tbd"; sourceTree = SDKROOT; };
		AC26E7F21EF3DDA600C4FAA6 /* HexColors.h */ = {isa = PBXFileReference; fileEncoding = 4; lastKnownFileType = sourcecode.c.h; path = HexColors.h; sourceTree = "<group>"; };
		AC26E7F31EF3DDA600C4FAA6 /* HexColors.m */ = {isa = PBXFileReference; fileEncoding = 4; lastKnownFileType = sourcecode.c.objc; path = HexColors.m; sourceTree = "<group>"; };
		AC26E7F51EF3DDA600C4FAA6 /* MBProgressHUD.h */ = {isa = PBXFileReference; fileEncoding = 4; lastKnownFileType = sourcecode.c.h; path = MBProgressHUD.h; sourceTree = "<group>"; };
		AC26E7F61EF3DDA600C4FAA6 /* MBProgressHUD.m */ = {isa = PBXFileReference; fileEncoding = 4; lastKnownFileType = sourcecode.c.objc; path = MBProgressHUD.m; sourceTree = "<group>"; };
		AC26E8091EF3DDA600C4FAA6 /* YTKAnimatingRequestAccessory.h */ = {isa = PBXFileReference; fileEncoding = 4; lastKnownFileType = sourcecode.c.h; path = YTKAnimatingRequestAccessory.h; sourceTree = "<group>"; };
		AC26E80A1EF3DDA600C4FAA6 /* YTKAnimatingRequestAccessory.m */ = {isa = PBXFileReference; fileEncoding = 4; lastKnownFileType = sourcecode.c.objc; path = YTKAnimatingRequestAccessory.m; sourceTree = "<group>"; };
		AC26E80B1EF3DDA600C4FAA6 /* YTKBaseRequest+AnimatingAccessory.h */ = {isa = PBXFileReference; fileEncoding = 4; lastKnownFileType = sourcecode.c.h; path = "YTKBaseRequest+AnimatingAccessory.h"; sourceTree = "<group>"; };
		AC26E80C1EF3DDA600C4FAA6 /* YTKBaseRequest+AnimatingAccessory.m */ = {isa = PBXFileReference; fileEncoding = 4; lastKnownFileType = sourcecode.c.objc; path = "YTKBaseRequest+AnimatingAccessory.m"; sourceTree = "<group>"; };
		AC26E80D1EF3DDA600C4FAA6 /* YTKBatchRequest+AnimatingAccessory.h */ = {isa = PBXFileReference; fileEncoding = 4; lastKnownFileType = sourcecode.c.h; path = "YTKBatchRequest+AnimatingAccessory.h"; sourceTree = "<group>"; };
		AC26E80E1EF3DDA600C4FAA6 /* YTKBatchRequest+AnimatingAccessory.m */ = {isa = PBXFileReference; fileEncoding = 4; lastKnownFileType = sourcecode.c.objc; path = "YTKBatchRequest+AnimatingAccessory.m"; sourceTree = "<group>"; };
		AC26E80F1EF3DDA600C4FAA6 /* YTKChainRequest+AnimatingAccessory.h */ = {isa = PBXFileReference; fileEncoding = 4; lastKnownFileType = sourcecode.c.h; path = "YTKChainRequest+AnimatingAccessory.h"; sourceTree = "<group>"; };
		AC26E8101EF3DDA600C4FAA6 /* YTKChainRequest+AnimatingAccessory.m */ = {isa = PBXFileReference; fileEncoding = 4; lastKnownFileType = sourcecode.c.objc; path = "YTKChainRequest+AnimatingAccessory.m"; sourceTree = "<group>"; };
		AC26E8121EF3DDA600C4FAA6 /* AFHTTPSessionManager.h */ = {isa = PBXFileReference; fileEncoding = 4; lastKnownFileType = sourcecode.c.h; path = AFHTTPSessionManager.h; sourceTree = "<group>"; };
		AC26E8131EF3DDA600C4FAA6 /* AFHTTPSessionManager.m */ = {isa = PBXFileReference; fileEncoding = 4; lastKnownFileType = sourcecode.c.objc; path = AFHTTPSessionManager.m; sourceTree = "<group>"; };
		AC26E8141EF3DDA600C4FAA6 /* AFNetworking.h */ = {isa = PBXFileReference; fileEncoding = 4; lastKnownFileType = sourcecode.c.h; path = AFNetworking.h; sourceTree = "<group>"; };
		AC26E8151EF3DDA600C4FAA6 /* AFNetworkReachabilityManager.h */ = {isa = PBXFileReference; fileEncoding = 4; lastKnownFileType = sourcecode.c.h; path = AFNetworkReachabilityManager.h; sourceTree = "<group>"; };
		AC26E8161EF3DDA600C4FAA6 /* AFNetworkReachabilityManager.m */ = {isa = PBXFileReference; fileEncoding = 4; lastKnownFileType = sourcecode.c.objc; path = AFNetworkReachabilityManager.m; sourceTree = "<group>"; };
		AC26E8171EF3DDA600C4FAA6 /* AFSecurityPolicy.h */ = {isa = PBXFileReference; fileEncoding = 4; lastKnownFileType = sourcecode.c.h; path = AFSecurityPolicy.h; sourceTree = "<group>"; };
		AC26E8181EF3DDA600C4FAA6 /* AFSecurityPolicy.m */ = {isa = PBXFileReference; fileEncoding = 4; lastKnownFileType = sourcecode.c.objc; path = AFSecurityPolicy.m; sourceTree = "<group>"; };
		AC26E8191EF3DDA600C4FAA6 /* AFURLRequestSerialization.h */ = {isa = PBXFileReference; fileEncoding = 4; lastKnownFileType = sourcecode.c.h; path = AFURLRequestSerialization.h; sourceTree = "<group>"; };
		AC26E81A1EF3DDA600C4FAA6 /* AFURLRequestSerialization.m */ = {isa = PBXFileReference; fileEncoding = 4; lastKnownFileType = sourcecode.c.objc; path = AFURLRequestSerialization.m; sourceTree = "<group>"; };
		AC26E81B1EF3DDA600C4FAA6 /* AFURLResponseSerialization.h */ = {isa = PBXFileReference; fileEncoding = 4; lastKnownFileType = sourcecode.c.h; path = AFURLResponseSerialization.h; sourceTree = "<group>"; };
		AC26E81C1EF3DDA600C4FAA6 /* AFURLResponseSerialization.m */ = {isa = PBXFileReference; fileEncoding = 4; lastKnownFileType = sourcecode.c.objc; path = AFURLResponseSerialization.m; sourceTree = "<group>"; };
		AC26E81D1EF3DDA600C4FAA6 /* AFURLSessionManager.h */ = {isa = PBXFileReference; fileEncoding = 4; lastKnownFileType = sourcecode.c.h; path = AFURLSessionManager.h; sourceTree = "<group>"; };
		AC26E81E1EF3DDA600C4FAA6 /* AFURLSessionManager.m */ = {isa = PBXFileReference; fileEncoding = 4; lastKnownFileType = sourcecode.c.objc; path = AFURLSessionManager.m; sourceTree = "<group>"; };
		AC26E8201EF3DDA600C4FAA6 /* HYBNetworking.h */ = {isa = PBXFileReference; fileEncoding = 4; lastKnownFileType = sourcecode.c.h; path = HYBNetworking.h; sourceTree = "<group>"; };
		AC26E8211EF3DDA600C4FAA6 /* HYBNetworking.m */ = {isa = PBXFileReference; fileEncoding = 4; lastKnownFileType = sourcecode.c.objc; path = HYBNetworking.m; sourceTree = "<group>"; };
		AC26E8221EF3DDA600C4FAA6 /* MFNetwork.h */ = {isa = PBXFileReference; fileEncoding = 4; lastKnownFileType = sourcecode.c.h; path = MFNetwork.h; sourceTree = "<group>"; };
		AC26E8231EF3DDA600C4FAA6 /* MFNetwork.m */ = {isa = PBXFileReference; fileEncoding = 4; lastKnownFileType = sourcecode.c.objc; path = MFNetwork.m; sourceTree = "<group>"; };
		AC26E8241EF3DDA600C4FAA6 /* MFNetworkRequest.h */ = {isa = PBXFileReference; fileEncoding = 4; lastKnownFileType = sourcecode.c.h; path = MFNetworkRequest.h; sourceTree = "<group>"; };
		AC26E8251EF3DDA600C4FAA6 /* MFNetworkRequest.m */ = {isa = PBXFileReference; fileEncoding = 4; lastKnownFileType = sourcecode.c.objc; path = MFNetworkRequest.m; sourceTree = "<group>"; };
		AC26E8271EF3DDA600C4FAA6 /* YTKBaseRequest.h */ = {isa = PBXFileReference; fileEncoding = 4; lastKnownFileType = sourcecode.c.h; path = YTKBaseRequest.h; sourceTree = "<group>"; };
		AC26E8281EF3DDA600C4FAA6 /* YTKBaseRequest.m */ = {isa = PBXFileReference; fileEncoding = 4; lastKnownFileType = sourcecode.c.objc; path = YTKBaseRequest.m; sourceTree = "<group>"; };
		AC26E8291EF3DDA600C4FAA6 /* YTKBatchRequest.h */ = {isa = PBXFileReference; fileEncoding = 4; lastKnownFileType = sourcecode.c.h; path = YTKBatchRequest.h; sourceTree = "<group>"; };
		AC26E82A1EF3DDA600C4FAA6 /* YTKBatchRequest.m */ = {isa = PBXFileReference; fileEncoding = 4; lastKnownFileType = sourcecode.c.objc; path = YTKBatchRequest.m; sourceTree = "<group>"; };
		AC26E82B1EF3DDA600C4FAA6 /* YTKBatchRequestAgent.h */ = {isa = PBXFileReference; fileEncoding = 4; lastKnownFileType = sourcecode.c.h; path = YTKBatchRequestAgent.h; sourceTree = "<group>"; };
		AC26E82C1EF3DDA600C4FAA6 /* YTKBatchRequestAgent.m */ = {isa = PBXFileReference; fileEncoding = 4; lastKnownFileType = sourcecode.c.objc; path = YTKBatchRequestAgent.m; sourceTree = "<group>"; };
		AC26E82D1EF3DDA600C4FAA6 /* YTKChainRequest.h */ = {isa = PBXFileReference; fileEncoding = 4; lastKnownFileType = sourcecode.c.h; path = YTKChainRequest.h; sourceTree = "<group>"; };
		AC26E82E1EF3DDA600C4FAA6 /* YTKChainRequest.m */ = {isa = PBXFileReference; fileEncoding = 4; lastKnownFileType = sourcecode.c.objc; path = YTKChainRequest.m; sourceTree = "<group>"; };
		AC26E82F1EF3DDA600C4FAA6 /* YTKChainRequestAgent.h */ = {isa = PBXFileReference; fileEncoding = 4; lastKnownFileType = sourcecode.c.h; path = YTKChainRequestAgent.h; sourceTree = "<group>"; };
		AC26E8301EF3DDA600C4FAA6 /* YTKChainRequestAgent.m */ = {isa = PBXFileReference; fileEncoding = 4; lastKnownFileType = sourcecode.c.objc; path = YTKChainRequestAgent.m; sourceTree = "<group>"; };
		AC26E8311EF3DDA600C4FAA6 /* YTKNetwork.h */ = {isa = PBXFileReference; fileEncoding = 4; lastKnownFileType = sourcecode.c.h; path = YTKNetwork.h; sourceTree = "<group>"; };
		AC26E8321EF3DDA600C4FAA6 /* YTKNetworkAgent.h */ = {isa = PBXFileReference; fileEncoding = 4; lastKnownFileType = sourcecode.c.h; path = YTKNetworkAgent.h; sourceTree = "<group>"; };
		AC26E8331EF3DDA600C4FAA6 /* YTKNetworkAgent.m */ = {isa = PBXFileReference; fileEncoding = 4; lastKnownFileType = sourcecode.c.objc; path = YTKNetworkAgent.m; sourceTree = "<group>"; };
		AC26E8341EF3DDA600C4FAA6 /* YTKNetworkConfig.h */ = {isa = PBXFileReference; fileEncoding = 4; lastKnownFileType = sourcecode.c.h; path = YTKNetworkConfig.h; sourceTree = "<group>"; };
		AC26E8351EF3DDA600C4FAA6 /* YTKNetworkConfig.m */ = {isa = PBXFileReference; fileEncoding = 4; lastKnownFileType = sourcecode.c.objc; path = YTKNetworkConfig.m; sourceTree = "<group>"; };
		AC26E8361EF3DDA600C4FAA6 /* YTKNetworkPrivate.h */ = {isa = PBXFileReference; fileEncoding = 4; lastKnownFileType = sourcecode.c.h; path = YTKNetworkPrivate.h; sourceTree = "<group>"; };
		AC26E8371EF3DDA600C4FAA6 /* YTKNetworkPrivate.m */ = {isa = PBXFileReference; fileEncoding = 4; lastKnownFileType = sourcecode.c.objc; path = YTKNetworkPrivate.m; sourceTree = "<group>"; };
		AC26E8381EF3DDA600C4FAA6 /* YTKRequest.h */ = {isa = PBXFileReference; fileEncoding = 4; lastKnownFileType = sourcecode.c.h; path = YTKRequest.h; sourceTree = "<group>"; };
		AC26E8391EF3DDA600C4FAA6 /* YTKRequest.m */ = {isa = PBXFileReference; fileEncoding = 4; lastKnownFileType = sourcecode.c.objc; path = YTKRequest.m; sourceTree = "<group>"; };
		AC26E83B1EF3DDA600C4FAA6 /* MKAnnotationView+WebCache.h */ = {isa = PBXFileReference; fileEncoding = 4; lastKnownFileType = sourcecode.c.h; path = "MKAnnotationView+WebCache.h"; sourceTree = "<group>"; };
		AC26E83C1EF3DDA600C4FAA6 /* MKAnnotationView+WebCache.m */ = {isa = PBXFileReference; fileEncoding = 4; lastKnownFileType = sourcecode.c.objc; path = "MKAnnotationView+WebCache.m"; sourceTree = "<group>"; };
		AC26E83D1EF3DDA600C4FAA6 /* NSData+ImageContentType.h */ = {isa = PBXFileReference; fileEncoding = 4; lastKnownFileType = sourcecode.c.h; path = "NSData+ImageContentType.h"; sourceTree = "<group>"; };
		AC26E83E1EF3DDA600C4FAA6 /* NSData+ImageContentType.m */ = {isa = PBXFileReference; fileEncoding = 4; lastKnownFileType = sourcecode.c.objc; path = "NSData+ImageContentType.m"; sourceTree = "<group>"; };
		AC26E83F1EF3DDA600C4FAA6 /* SDImageCache.h */ = {isa = PBXFileReference; fileEncoding = 4; lastKnownFileType = sourcecode.c.h; path = SDImageCache.h; sourceTree = "<group>"; };
		AC26E8401EF3DDA600C4FAA6 /* SDImageCache.m */ = {isa = PBXFileReference; fileEncoding = 4; lastKnownFileType = sourcecode.c.objc; path = SDImageCache.m; sourceTree = "<group>"; };
		AC26E8411EF3DDA600C4FAA6 /* SDWebImageCompat.h */ = {isa = PBXFileReference; fileEncoding = 4; lastKnownFileType = sourcecode.c.h; path = SDWebImageCompat.h; sourceTree = "<group>"; };
		AC26E8421EF3DDA600C4FAA6 /* SDWebImageCompat.m */ = {isa = PBXFileReference; fileEncoding = 4; lastKnownFileType = sourcecode.c.objc; path = SDWebImageCompat.m; sourceTree = "<group>"; };
		AC26E8431EF3DDA600C4FAA6 /* SDWebImageDecoder.h */ = {isa = PBXFileReference; fileEncoding = 4; lastKnownFileType = sourcecode.c.h; path = SDWebImageDecoder.h; sourceTree = "<group>"; };
		AC26E8441EF3DDA600C4FAA6 /* SDWebImageDecoder.m */ = {isa = PBXFileReference; fileEncoding = 4; lastKnownFileType = sourcecode.c.objc; path = SDWebImageDecoder.m; sourceTree = "<group>"; };
		AC26E8451EF3DDA600C4FAA6 /* SDWebImageDownloader.h */ = {isa = PBXFileReference; fileEncoding = 4; lastKnownFileType = sourcecode.c.h; path = SDWebImageDownloader.h; sourceTree = "<group>"; };
		AC26E8461EF3DDA600C4FAA6 /* SDWebImageDownloader.m */ = {isa = PBXFileReference; fileEncoding = 4; lastKnownFileType = sourcecode.c.objc; path = SDWebImageDownloader.m; sourceTree = "<group>"; };
		AC26E8471EF3DDA600C4FAA6 /* SDWebImageDownloaderOperation.h */ = {isa = PBXFileReference; fileEncoding = 4; lastKnownFileType = sourcecode.c.h; path = SDWebImageDownloaderOperation.h; sourceTree = "<group>"; };
		AC26E8481EF3DDA600C4FAA6 /* SDWebImageDownloaderOperation.m */ = {isa = PBXFileReference; fileEncoding = 4; lastKnownFileType = sourcecode.c.objc; path = SDWebImageDownloaderOperation.m; sourceTree = "<group>"; };
		AC26E8491EF3DDA600C4FAA6 /* SDWebImageManager.h */ = {isa = PBXFileReference; fileEncoding = 4; lastKnownFileType = sourcecode.c.h; path = SDWebImageManager.h; sourceTree = "<group>"; };
		AC26E84A1EF3DDA600C4FAA6 /* SDWebImageManager.m */ = {isa = PBXFileReference; fileEncoding = 4; lastKnownFileType = sourcecode.c.objc; path = SDWebImageManager.m; sourceTree = "<group>"; };
		AC26E84B1EF3DDA600C4FAA6 /* SDWebImageOperation.h */ = {isa = PBXFileReference; fileEncoding = 4; lastKnownFileType = sourcecode.c.h; path = SDWebImageOperation.h; sourceTree = "<group>"; };
		AC26E84C1EF3DDA600C4FAA6 /* SDWebImagePrefetcher.h */ = {isa = PBXFileReference; fileEncoding = 4; lastKnownFileType = sourcecode.c.h; path = SDWebImagePrefetcher.h; sourceTree = "<group>"; };
		AC26E84D1EF3DDA600C4FAA6 /* SDWebImagePrefetcher.m */ = {isa = PBXFileReference; fileEncoding = 4; lastKnownFileType = sourcecode.c.objc; path = SDWebImagePrefetcher.m; sourceTree = "<group>"; };
		AC26E84E1EF3DDA600C4FAA6 /* UIButton+WebCache.h */ = {isa = PBXFileReference; fileEncoding = 4; lastKnownFileType = sourcecode.c.h; path = "UIButton+WebCache.h"; sourceTree = "<group>"; };
		AC26E84F1EF3DDA600C4FAA6 /* UIButton+WebCache.m */ = {isa = PBXFileReference; fileEncoding = 4; lastKnownFileType = sourcecode.c.objc; path = "UIButton+WebCache.m"; sourceTree = "<group>"; };
		AC26E8501EF3DDA600C4FAA6 /* UIImage+GIF.h */ = {isa = PBXFileReference; fileEncoding = 4; lastKnownFileType = sourcecode.c.h; path = "UIImage+GIF.h"; sourceTree = "<group>"; };
		AC26E8511EF3DDA600C4FAA6 /* UIImage+GIF.m */ = {isa = PBXFileReference; fileEncoding = 4; lastKnownFileType = sourcecode.c.objc; path = "UIImage+GIF.m"; sourceTree = "<group>"; };
		AC26E8521EF3DDA600C4FAA6 /* UIImage+MultiFormat.h */ = {isa = PBXFileReference; fileEncoding = 4; lastKnownFileType = sourcecode.c.h; path = "UIImage+MultiFormat.h"; sourceTree = "<group>"; };
		AC26E8531EF3DDA600C4FAA6 /* UIImage+MultiFormat.m */ = {isa = PBXFileReference; fileEncoding = 4; lastKnownFileType = sourcecode.c.objc; path = "UIImage+MultiFormat.m"; sourceTree = "<group>"; };
		AC26E8541EF3DDA600C4FAA6 /* UIImage+WebP.h */ = {isa = PBXFileReference; fileEncoding = 4; lastKnownFileType = sourcecode.c.h; path = "UIImage+WebP.h"; sourceTree = "<group>"; };
		AC26E8551EF3DDA600C4FAA6 /* UIImage+WebP.m */ = {isa = PBXFileReference; fileEncoding = 4; lastKnownFileType = sourcecode.c.objc; path = "UIImage+WebP.m"; sourceTree = "<group>"; };
		AC26E8561EF3DDA600C4FAA6 /* UIImageView+HighlightedWebCache.h */ = {isa = PBXFileReference; fileEncoding = 4; lastKnownFileType = sourcecode.c.h; path = "UIImageView+HighlightedWebCache.h"; sourceTree = "<group>"; };
		AC26E8571EF3DDA600C4FAA6 /* UIImageView+HighlightedWebCache.m */ = {isa = PBXFileReference; fileEncoding = 4; lastKnownFileType = sourcecode.c.objc; path = "UIImageView+HighlightedWebCache.m"; sourceTree = "<group>"; };
		AC26E8581EF3DDA600C4FAA6 /* UIImageView+WebCache.h */ = {isa = PBXFileReference; fileEncoding = 4; lastKnownFileType = sourcecode.c.h; path = "UIImageView+WebCache.h"; sourceTree = "<group>"; };
		AC26E8591EF3DDA600C4FAA6 /* UIImageView+WebCache.m */ = {isa = PBXFileReference; fileEncoding = 4; lastKnownFileType = sourcecode.c.objc; path = "UIImageView+WebCache.m"; sourceTree = "<group>"; };
		AC26E85A1EF3DDA600C4FAA6 /* UIView+WebCacheOperation.h */ = {isa = PBXFileReference; fileEncoding = 4; lastKnownFileType = sourcecode.c.h; path = "UIView+WebCacheOperation.h"; sourceTree = "<group>"; };
		AC26E85B1EF3DDA600C4FAA6 /* UIView+WebCacheOperation.m */ = {isa = PBXFileReference; fileEncoding = 4; lastKnownFileType = sourcecode.c.objc; path = "UIView+WebCacheOperation.m"; sourceTree = "<group>"; };
		AC26E85D1EF3DDA600C4FAA6 /* SVPullToRefresh.h */ = {isa = PBXFileReference; fileEncoding = 4; lastKnownFileType = sourcecode.c.h; path = SVPullToRefresh.h; sourceTree = "<group>"; };
		AC26E85E1EF3DDA600C4FAA6 /* UIScrollView+SVInfiniteScrolling.h */ = {isa = PBXFileReference; fileEncoding = 4; lastKnownFileType = sourcecode.c.h; path = "UIScrollView+SVInfiniteScrolling.h"; sourceTree = "<group>"; };
		AC26E85F1EF3DDA600C4FAA6 /* UIScrollView+SVInfiniteScrolling.m */ = {isa = PBXFileReference; fileEncoding = 4; lastKnownFileType = sourcecode.c.objc; path = "UIScrollView+SVInfiniteScrolling.m"; sourceTree = "<group>"; };
		AC26E8601EF3DDA600C4FAA6 /* UIScrollView+SVPullToRefresh.h */ = {isa = PBXFileReference; fileEncoding = 4; lastKnownFileType = sourcecode.c.h; path = "UIScrollView+SVPullToRefresh.h"; sourceTree = "<group>"; };
		AC26E8611EF3DDA600C4FAA6 /* UIScrollView+SVPullToRefresh.m */ = {isa = PBXFileReference; fileEncoding = 4; lastKnownFileType = sourcecode.c.objc; path = "UIScrollView+SVPullToRefresh.m"; sourceTree = "<group>"; };
		AC26E8631EF3DDA600C4FAA6 /* Bugly.framework */ = {isa = PBXFileReference; lastKnownFileType = wrapper.framework; path = Bugly.framework; sourceTree = "<group>"; };
		AC26E8641EF3DDA600C4FAA6 /* MFThirdPartyPlugin.h */ = {isa = PBXFileReference; fileEncoding = 4; lastKnownFileType = sourcecode.c.h; path = MFThirdPartyPlugin.h; sourceTree = "<group>"; };
		AC26E8651EF3DDA600C4FAA6 /* MFThirdPartyPlugin.m */ = {isa = PBXFileReference; fileEncoding = 4; lastKnownFileType = sourcecode.c.objc; path = MFThirdPartyPlugin.m; sourceTree = "<group>"; };
		AC26E8671EF3DDA600C4FAA6 /* TTTAttributedLabel.h */ = {isa = PBXFileReference; fileEncoding = 4; lastKnownFileType = sourcecode.c.h; path = TTTAttributedLabel.h; sourceTree = "<group>"; };
		AC26E8681EF3DDA600C4FAA6 /* TTTAttributedLabel.m */ = {isa = PBXFileReference; fileEncoding = 4; lastKnownFileType = sourcecode.c.objc; path = TTTAttributedLabel.m; sourceTree = "<group>"; };
		AC26E86A1EF3DDA600C4FAA6 /* XXNibBridge.h */ = {isa = PBXFileReference; fileEncoding = 4; lastKnownFileType = sourcecode.c.h; path = XXNibBridge.h; sourceTree = "<group>"; };
		AC26E86B1EF3DDA600C4FAA6 /* XXNibBridge.m */ = {isa = PBXFileReference; fileEncoding = 4; lastKnownFileType = sourcecode.c.objc; path = XXNibBridge.m; sourceTree = "<group>"; };
		AC26E86C1EF3DDA600C4FAA6 /* XXNibConvention.h */ = {isa = PBXFileReference; fileEncoding = 4; lastKnownFileType = sourcecode.c.h; path = XXNibConvention.h; sourceTree = "<group>"; };
		AC26E86D1EF3DDA600C4FAA6 /* XXNibConvention.m */ = {isa = PBXFileReference; fileEncoding = 4; lastKnownFileType = sourcecode.c.objc; path = XXNibConvention.m; sourceTree = "<group>"; };
		AC26E86F1EF3DDA600C4FAA6 /* NSObject+YYModel.h */ = {isa = PBXFileReference; fileEncoding = 4; lastKnownFileType = sourcecode.c.h; path = "NSObject+YYModel.h"; sourceTree = "<group>"; };
		AC26E8701EF3DDA600C4FAA6 /* NSObject+YYModel.m */ = {isa = PBXFileReference; fileEncoding = 4; lastKnownFileType = sourcecode.c.objc; path = "NSObject+YYModel.m"; sourceTree = "<group>"; };
		AC26E8711EF3DDA600C4FAA6 /* YYClassInfo.h */ = {isa = PBXFileReference; fileEncoding = 4; lastKnownFileType = sourcecode.c.h; path = YYClassInfo.h; sourceTree = "<group>"; };
		AC26E8721EF3DDA600C4FAA6 /* YYClassInfo.m */ = {isa = PBXFileReference; fileEncoding = 4; lastKnownFileType = sourcecode.c.objc; path = YYClassInfo.m; sourceTree = "<group>"; };
		AC26E8731EF3DDA600C4FAA6 /* YYModel.h */ = {isa = PBXFileReference; fileEncoding = 4; lastKnownFileType = sourcecode.c.h; path = YYModel.h; sourceTree = "<group>"; };
		AC26E8AE1EF3E05300C4FAA6 /* EPAppViewControllerManager.h */ = {isa = PBXFileReference; fileEncoding = 4; lastKnownFileType = sourcecode.c.h; path = EPAppViewControllerManager.h; sourceTree = "<group>"; };
		AC26E8AF1EF3E05300C4FAA6 /* EPAppViewControllerManager.m */ = {isa = PBXFileReference; fileEncoding = 4; lastKnownFileType = sourcecode.c.objc; path = EPAppViewControllerManager.m; sourceTree = "<group>"; };
		AC26E8B11EF3E15A00C4FAA6 /* MMTabBarController.h */ = {isa = PBXFileReference; fileEncoding = 4; lastKnownFileType = sourcecode.c.h; path = MMTabBarController.h; sourceTree = "<group>"; };
		AC26E8B21EF3E15A00C4FAA6 /* MMTabBarController.m */ = {isa = PBXFileReference; fileEncoding = 4; lastKnownFileType = sourcecode.c.objc; path = MMTabBarController.m; sourceTree = "<group>"; };
		AC26E8B51EF3E1AE00C4FAA6 /* EPLoginViewController.h */ = {isa = PBXFileReference; fileEncoding = 4; lastKnownFileType = sourcecode.c.h; path = EPLoginViewController.h; sourceTree = "<group>"; };
		AC26E8B61EF3E1AE00C4FAA6 /* EPLoginViewController.m */ = {isa = PBXFileReference; fileEncoding = 4; lastKnownFileType = sourcecode.c.objc; path = EPLoginViewController.m; sourceTree = "<group>"; };
		AC26E8B81EF3E20900C4FAA6 /* EPLoginUserModel.h */ = {isa = PBXFileReference; fileEncoding = 4; lastKnownFileType = sourcecode.c.h; path = EPLoginUserModel.h; sourceTree = "<group>"; };
		AC26E8B91EF3E20900C4FAA6 /* EPLoginUserModel.m */ = {isa = PBXFileReference; fileEncoding = 4; lastKnownFileType = sourcecode.c.objc; path = EPLoginUserModel.m; sourceTree = "<group>"; };
		AC7CC3541EF26CC300564823 /* EekaPOS.app */ = {isa = PBXFileReference; explicitFileType = wrapper.application; includeInIndex = 0; path = EekaPOS.app; sourceTree = BUILT_PRODUCTS_DIR; };
		AC7CC3581EF26CC300564823 /* main.m */ = {isa = PBXFileReference; lastKnownFileType = sourcecode.c.objc; path = main.m; sourceTree = "<group>"; };
		AC7CC35A1EF26CC300564823 /* EekaPosAppDelegate.h */ = {isa = PBXFileReference; lastKnownFileType = sourcecode.c.h; path = EekaPosAppDelegate.h; sourceTree = "<group>"; };
		AC7CC35B1EF26CC300564823 /* EekaPosAppDelegate.m */ = {isa = PBXFileReference; lastKnownFileType = sourcecode.c.objc; path = EekaPosAppDelegate.m; sourceTree = "<group>"; };
		AC7CC3611EF26CC300564823 /* Base */ = {isa = PBXFileReference; lastKnownFileType = file.storyboard; name = Base; path = Base.lproj/Main.storyboard; sourceTree = "<group>"; };
		AC7CC3631EF26CC300564823 /* Assets.xcassets */ = {isa = PBXFileReference; lastKnownFileType = folder.assetcatalog; path = Assets.xcassets; sourceTree = "<group>"; };
		AC7CC3661EF26CC300564823 /* Base */ = {isa = PBXFileReference; lastKnownFileType = file.storyboard; name = Base; path = Base.lproj/LaunchScreen.storyboard; sourceTree = "<group>"; };
		AC7CC3681EF26CC300564823 /* Info.plist */ = {isa = PBXFileReference; lastKnownFileType = text.plist.xml; path = Info.plist; sourceTree = "<group>"; };
		AC950E3A1EF4AF54003EEBD0 /* MMBaseClass.h */ = {isa = PBXFileReference; fileEncoding = 4; lastKnownFileType = sourcecode.c.h; path = MMBaseClass.h; sourceTree = "<group>"; };
		AC950E3B1EF4AF54003EEBD0 /* MMBaseInfoItem.h */ = {isa = PBXFileReference; fileEncoding = 4; lastKnownFileType = sourcecode.c.h; path = MMBaseInfoItem.h; sourceTree = "<group>"; };
		AC950E3C1EF4AF54003EEBD0 /* MMBaseInfoItem.m */ = {isa = PBXFileReference; fileEncoding = 4; lastKnownFileType = sourcecode.c.objc; path = MMBaseInfoItem.m; sourceTree = "<group>"; };
		AC950E3D1EF4AF54003EEBD0 /* MMBaseTextFieldItem.h */ = {isa = PBXFileReference; fileEncoding = 4; lastKnownFileType = sourcecode.c.h; path = MMBaseTextFieldItem.h; sourceTree = "<group>"; };
		AC950E3E1EF4AF54003EEBD0 /* MMBaseTextFieldItem.m */ = {isa = PBXFileReference; fileEncoding = 4; lastKnownFileType = sourcecode.c.objc; path = MMBaseTextFieldItem.m; sourceTree = "<group>"; };
		AC950E3F1EF4AF54003EEBD0 /* MMNavigationController.h */ = {isa = PBXFileReference; fileEncoding = 4; lastKnownFileType = sourcecode.c.h; path = MMNavigationController.h; sourceTree = "<group>"; };
		AC950E401EF4AF54003EEBD0 /* MMNavigationController.m */ = {isa = PBXFileReference; fileEncoding = 4; lastKnownFileType = sourcecode.c.objc; path = MMNavigationController.m; sourceTree = "<group>"; };
		AC950E411EF4AF54003EEBD0 /* MMObject.h */ = {isa = PBXFileReference; fileEncoding = 4; lastKnownFileType = sourcecode.c.h; path = MMObject.h; sourceTree = "<group>"; };
		AC950E421EF4AF54003EEBD0 /* MMObject.m */ = {isa = PBXFileReference; fileEncoding = 4; lastKnownFileType = sourcecode.c.objc; path = MMObject.m; sourceTree = "<group>"; };
		AC950E431EF4AF54003EEBD0 /* MMOnePixLayoutConstraint.h */ = {isa = PBXFileReference; fileEncoding = 4; lastKnownFileType = sourcecode.c.h; path = MMOnePixLayoutConstraint.h; sourceTree = "<group>"; };
		AC950E441EF4AF54003EEBD0 /* MMOnePixLayoutConstraint.m */ = {isa = PBXFileReference; fileEncoding = 4; lastKnownFileType = sourcecode.c.objc; path = MMOnePixLayoutConstraint.m; sourceTree = "<group>"; };
		AC950E451EF4AF54003EEBD0 /* MMSelectButton.h */ = {isa = PBXFileReference; fileEncoding = 4; lastKnownFileType = sourcecode.c.h; path = MMSelectButton.h; sourceTree = "<group>"; };
		AC950E461EF4AF54003EEBD0 /* MMSelectButton.m */ = {isa = PBXFileReference; fileEncoding = 4; lastKnownFileType = sourcecode.c.objc; path = MMSelectButton.m; sourceTree = "<group>"; };
		AC950E471EF4AF54003EEBD0 /* MMTableViewCell.h */ = {isa = PBXFileReference; fileEncoding = 4; lastKnownFileType = sourcecode.c.h; path = MMTableViewCell.h; sourceTree = "<group>"; };
		AC950E481EF4AF54003EEBD0 /* MMTableViewCell.m */ = {isa = PBXFileReference; fileEncoding = 4; lastKnownFileType = sourcecode.c.objc; path = MMTableViewCell.m; sourceTree = "<group>"; };
		AC950E491EF4AF54003EEBD0 /* MMUIBridgeView.h */ = {isa = PBXFileReference; fileEncoding = 4; lastKnownFileType = sourcecode.c.h; path = MMUIBridgeView.h; sourceTree = "<group>"; };
		AC950E4A1EF4AF54003EEBD0 /* MMUIBridgeView.m */ = {isa = PBXFileReference; fileEncoding = 4; lastKnownFileType = sourcecode.c.objc; path = MMUIBridgeView.m; sourceTree = "<group>"; };
		AC950E4B1EF4AF54003EEBD0 /* MMUITextField.h */ = {isa = PBXFileReference; fileEncoding = 4; lastKnownFileType = sourcecode.c.h; path = MMUITextField.h; sourceTree = "<group>"; };
		AC950E4C1EF4AF54003EEBD0 /* MMUITextField.m */ = {isa = PBXFileReference; fileEncoding = 4; lastKnownFileType = sourcecode.c.objc; path = MMUITextField.m; sourceTree = "<group>"; };
		AC950E4D1EF4AF54003EEBD0 /* MMUIView.h */ = {isa = PBXFileReference; fileEncoding = 4; lastKnownFileType = sourcecode.c.h; path = MMUIView.h; sourceTree = "<group>"; };
		AC950E4E1EF4AF54003EEBD0 /* MMUIView.m */ = {isa = PBXFileReference; fileEncoding = 4; lastKnownFileType = sourcecode.c.objc; path = MMUIView.m; sourceTree = "<group>"; };
		AC950E4F1EF4AF54003EEBD0 /* MMViewController.h */ = {isa = PBXFileReference; fileEncoding = 4; lastKnownFileType = sourcecode.c.h; path = MMViewController.h; sourceTree = "<group>"; };
		AC950E501EF4AF54003EEBD0 /* MMViewController.m */ = {isa = PBXFileReference; fileEncoding = 4; lastKnownFileType = sourcecode.c.objc; path = MMViewController.m; sourceTree = "<group>"; };
		AC950E5E1EF4B052003EEBD0 /* MFUICommonUtil.h */ = {isa = PBXFileReference; fileEncoding = 4; lastKnownFileType = sourcecode.c.h; path = MFUICommonUtil.h; sourceTree = "<group>"; };
		AC950E601EF4B064003EEBD0 /* Aspects.h */ = {isa = PBXFileReference; fileEncoding = 4; lastKnownFileType = sourcecode.c.h; path = Aspects.h; sourceTree = "<group>"; };
		AC950E611EF4B064003EEBD0 /* Aspects.m */ = {isa = PBXFileReference; fileEncoding = 4; lastKnownFileType = sourcecode.c.objc; path = Aspects.m; sourceTree = "<group>"; };
		AC950E651EF4B184003EEBD0 /* MMService.h */ = {isa = PBXFileReference; fileEncoding = 4; lastKnownFileType = sourcecode.c.h; path = MMService.h; sourceTree = "<group>"; };
		AC950E661EF4B184003EEBD0 /* MMService.m */ = {isa = PBXFileReference; fileEncoding = 4; lastKnownFileType = sourcecode.c.objc; path = MMService.m; sourceTree = "<group>"; };
		AC950E671EF4B184003EEBD0 /* MMServiceCenter.h */ = {isa = PBXFileReference; fileEncoding = 4; lastKnownFileType = sourcecode.c.h; path = MMServiceCenter.h; sourceTree = "<group>"; };
		AC950E681EF4B184003EEBD0 /* MMServiceCenter.m */ = {isa = PBXFileReference; fileEncoding = 4; lastKnownFileType = sourcecode.c.objc; path = MMServiceCenter.m; sourceTree = "<group>"; };
		AC950E6B1EF4B3DA003EEBD0 /* MFColorUtil.h */ = {isa = PBXFileReference; fileEncoding = 4; lastKnownFileType = sourcecode.c.h; path = MFColorUtil.h; sourceTree = "<group>"; };
/* End PBXFileReference section */

/* Begin PBXFrameworksBuildPhase section */
		AC7CC3511EF26CC300564823 /* Frameworks */ = {
			isa = PBXFrameworksBuildPhase;
			buildActionMask = 2147483647;
			files = (
				AC26E7EA1EF3B54300C4FAA6 /* libc++.tbd in Frameworks */,
				AC26E7E81EF3B53800C4FAA6 /* libz.tbd in Frameworks */,
				AC26E7E61EF3B40B00C4FAA6 /* CoreGraphics.framework in Frameworks */,
				AC26E7E41EF3B40300C4FAA6 /* JavaScriptCore.framework in Frameworks */,
				AC26E7E21EF3B3FA00C4FAA6 /* CFNetwork.framework in Frameworks */,
				AC26E7E01EF3B3F200C4FAA6 /* Security.framework in Frameworks */,
				AC26E8A51EF3DDA600C4FAA6 /* Bugly.framework in Frameworks */,
				AC26E7DE1EF3B3EB00C4FAA6 /* SystemConfiguration.framework in Frameworks */,
				AC26E7D91EF3B2E700C4FAA6 /* AVFoundation.framework in Frameworks */,
				AC26E7DA1EF3B2E700C4FAA6 /* CoreFoundation.framework in Frameworks */,
				AC26E7DB1EF3B2E700C4FAA6 /* Foundation.framework in Frameworks */,
				AC26E7D51EF3B2D300C4FAA6 /* UIKit.framework in Frameworks */,
			);
			runOnlyForDeploymentPostprocessing = 0;
		};
/* End PBXFrameworksBuildPhase section */

/* Begin PBXGroup section */
		AC26E7CF1EF3B1DE00C4FAA6 /* Macro */ = {
			isa = PBXGroup;
			children = (
				AC950E5E1EF4B052003EEBD0 /* MFUICommonUtil.h */,
				AC950E6B1EF4B3DA003EEBD0 /* MFColorUtil.h */,
			);
			path = Macro;
			sourceTree = "<group>";
		};
		AC26E7D31EF3B2D200C4FAA6 /* Frameworks */ = {
			isa = PBXGroup;
			children = (
				AC26E7E91EF3B54300C4FAA6 /* libc++.tbd */,
				AC26E7E71EF3B53800C4FAA6 /* libz.tbd */,
				AC26E7E51EF3B40B00C4FAA6 /* CoreGraphics.framework */,
				AC26E7E31EF3B40300C4FAA6 /* JavaScriptCore.framework */,
				AC26E7E11EF3B3FA00C4FAA6 /* CFNetwork.framework */,
				AC26E7DF1EF3B3F200C4FAA6 /* Security.framework */,
				AC26E7DD1EF3B3EB00C4FAA6 /* SystemConfiguration.framework */,
				AC26E7D61EF3B2E700C4FAA6 /* AVFoundation.framework */,
				AC26E7D71EF3B2E700C4FAA6 /* CoreFoundation.framework */,
				AC26E7D81EF3B2E700C4FAA6 /* Foundation.framework */,
				AC26E7D41EF3B2D300C4FAA6 /* UIKit.framework */,
			);
			name = Frameworks;
			sourceTree = "<group>";
		};
		AC26E7EF1EF3DD1B00C4FAA6 /* Models */ = {
			isa = PBXGroup;
			children = (
				AC26E8B81EF3E20900C4FAA6 /* EPLoginUserModel.h */,
				AC26E8B91EF3E20900C4FAA6 /* EPLoginUserModel.m */,
			);
			path = Models;
			sourceTree = "<group>";
		};
		AC26E7F01EF3DDA600C4FAA6 /* Vendors */ = {
			isa = PBXGroup;
			children = (
				AC950E5F1EF4B064003EEBD0 /* Aspects */,
				AC26E7F11EF3DDA600C4FAA6 /* HexColors */,
				AC26E7F41EF3DDA600C4FAA6 /* MBProgressHUD */,
				AC26E8071EF3DDA600C4FAA6 /* Networking */,
				AC26E83A1EF3DDA600C4FAA6 /* SDWebImage */,
				AC26E85C1EF3DDA600C4FAA6 /* SVPullToRefresh */,
				AC26E8621EF3DDA600C4FAA6 /* ThirdPartyPlugin */,
				AC26E8661EF3DDA600C4FAA6 /* TTTAttributedLabel */,
				AC26E8691EF3DDA600C4FAA6 /* XXNibBridge */,
				AC26E86E1EF3DDA600C4FAA6 /* YYModel */,
			);
			path = Vendors;
			sourceTree = "<group>";
		};
		AC26E7F11EF3DDA600C4FAA6 /* HexColors */ = {
			isa = PBXGroup;
			children = (
				AC26E7F21EF3DDA600C4FAA6 /* HexColors.h */,
				AC26E7F31EF3DDA600C4FAA6 /* HexColors.m */,
			);
			path = HexColors;
			sourceTree = "<group>";
		};
		AC26E7F41EF3DDA600C4FAA6 /* MBProgressHUD */ = {
			isa = PBXGroup;
			children = (
				AC26E7F51EF3DDA600C4FAA6 /* MBProgressHUD.h */,
				AC26E7F61EF3DDA600C4FAA6 /* MBProgressHUD.m */,
			);
			path = MBProgressHUD;
			sourceTree = "<group>";
		};
		AC26E8071EF3DDA600C4FAA6 /* Networking */ = {
			isa = PBXGroup;
			children = (
				AC26E8081EF3DDA600C4FAA6 /* Accessory */,
				AC26E8111EF3DDA600C4FAA6 /* AFNetworking */,
				AC26E81F1EF3DDA600C4FAA6 /* HYBNetworking */,
				AC26E8221EF3DDA600C4FAA6 /* MFNetwork.h */,
				AC26E8231EF3DDA600C4FAA6 /* MFNetwork.m */,
				AC26E8241EF3DDA600C4FAA6 /* MFNetworkRequest.h */,
				AC26E8251EF3DDA600C4FAA6 /* MFNetworkRequest.m */,
				AC26E8261EF3DDA600C4FAA6 /* YTKNetwork */,
			);
			path = Networking;
			sourceTree = "<group>";
		};
		AC26E8081EF3DDA600C4FAA6 /* Accessory */ = {
			isa = PBXGroup;
			children = (
				AC26E8091EF3DDA600C4FAA6 /* YTKAnimatingRequestAccessory.h */,
				AC26E80A1EF3DDA600C4FAA6 /* YTKAnimatingRequestAccessory.m */,
				AC26E80B1EF3DDA600C4FAA6 /* YTKBaseRequest+AnimatingAccessory.h */,
				AC26E80C1EF3DDA600C4FAA6 /* YTKBaseRequest+AnimatingAccessory.m */,
				AC26E80D1EF3DDA600C4FAA6 /* YTKBatchRequest+AnimatingAccessory.h */,
				AC26E80E1EF3DDA600C4FAA6 /* YTKBatchRequest+AnimatingAccessory.m */,
				AC26E80F1EF3DDA600C4FAA6 /* YTKChainRequest+AnimatingAccessory.h */,
				AC26E8101EF3DDA600C4FAA6 /* YTKChainRequest+AnimatingAccessory.m */,
			);
			path = Accessory;
			sourceTree = "<group>";
		};
		AC26E8111EF3DDA600C4FAA6 /* AFNetworking */ = {
			isa = PBXGroup;
			children = (
				AC26E8121EF3DDA600C4FAA6 /* AFHTTPSessionManager.h */,
				AC26E8131EF3DDA600C4FAA6 /* AFHTTPSessionManager.m */,
				AC26E8141EF3DDA600C4FAA6 /* AFNetworking.h */,
				AC26E8151EF3DDA600C4FAA6 /* AFNetworkReachabilityManager.h */,
				AC26E8161EF3DDA600C4FAA6 /* AFNetworkReachabilityManager.m */,
				AC26E8171EF3DDA600C4FAA6 /* AFSecurityPolicy.h */,
				AC26E8181EF3DDA600C4FAA6 /* AFSecurityPolicy.m */,
				AC26E8191EF3DDA600C4FAA6 /* AFURLRequestSerialization.h */,
				AC26E81A1EF3DDA600C4FAA6 /* AFURLRequestSerialization.m */,
				AC26E81B1EF3DDA600C4FAA6 /* AFURLResponseSerialization.h */,
				AC26E81C1EF3DDA600C4FAA6 /* AFURLResponseSerialization.m */,
				AC26E81D1EF3DDA600C4FAA6 /* AFURLSessionManager.h */,
				AC26E81E1EF3DDA600C4FAA6 /* AFURLSessionManager.m */,
			);
			path = AFNetworking;
			sourceTree = "<group>";
		};
		AC26E81F1EF3DDA600C4FAA6 /* HYBNetworking */ = {
			isa = PBXGroup;
			children = (
				AC26E8201EF3DDA600C4FAA6 /* HYBNetworking.h */,
				AC26E8211EF3DDA600C4FAA6 /* HYBNetworking.m */,
			);
			path = HYBNetworking;
			sourceTree = "<group>";
		};
		AC26E8261EF3DDA600C4FAA6 /* YTKNetwork */ = {
			isa = PBXGroup;
			children = (
				AC26E8271EF3DDA600C4FAA6 /* YTKBaseRequest.h */,
				AC26E8281EF3DDA600C4FAA6 /* YTKBaseRequest.m */,
				AC26E8291EF3DDA600C4FAA6 /* YTKBatchRequest.h */,
				AC26E82A1EF3DDA600C4FAA6 /* YTKBatchRequest.m */,
				AC26E82B1EF3DDA600C4FAA6 /* YTKBatchRequestAgent.h */,
				AC26E82C1EF3DDA600C4FAA6 /* YTKBatchRequestAgent.m */,
				AC26E82D1EF3DDA600C4FAA6 /* YTKChainRequest.h */,
				AC26E82E1EF3DDA600C4FAA6 /* YTKChainRequest.m */,
				AC26E82F1EF3DDA600C4FAA6 /* YTKChainRequestAgent.h */,
				AC26E8301EF3DDA600C4FAA6 /* YTKChainRequestAgent.m */,
				AC26E8311EF3DDA600C4FAA6 /* YTKNetwork.h */,
				AC26E8321EF3DDA600C4FAA6 /* YTKNetworkAgent.h */,
				AC26E8331EF3DDA600C4FAA6 /* YTKNetworkAgent.m */,
				AC26E8341EF3DDA600C4FAA6 /* YTKNetworkConfig.h */,
				AC26E8351EF3DDA600C4FAA6 /* YTKNetworkConfig.m */,
				AC26E8361EF3DDA600C4FAA6 /* YTKNetworkPrivate.h */,
				AC26E8371EF3DDA600C4FAA6 /* YTKNetworkPrivate.m */,
				AC26E8381EF3DDA600C4FAA6 /* YTKRequest.h */,
				AC26E8391EF3DDA600C4FAA6 /* YTKRequest.m */,
			);
			path = YTKNetwork;
			sourceTree = "<group>";
		};
		AC26E83A1EF3DDA600C4FAA6 /* SDWebImage */ = {
			isa = PBXGroup;
			children = (
				AC26E83B1EF3DDA600C4FAA6 /* MKAnnotationView+WebCache.h */,
				AC26E83C1EF3DDA600C4FAA6 /* MKAnnotationView+WebCache.m */,
				AC26E83D1EF3DDA600C4FAA6 /* NSData+ImageContentType.h */,
				AC26E83E1EF3DDA600C4FAA6 /* NSData+ImageContentType.m */,
				AC26E83F1EF3DDA600C4FAA6 /* SDImageCache.h */,
				AC26E8401EF3DDA600C4FAA6 /* SDImageCache.m */,
				AC26E8411EF3DDA600C4FAA6 /* SDWebImageCompat.h */,
				AC26E8421EF3DDA600C4FAA6 /* SDWebImageCompat.m */,
				AC26E8431EF3DDA600C4FAA6 /* SDWebImageDecoder.h */,
				AC26E8441EF3DDA600C4FAA6 /* SDWebImageDecoder.m */,
				AC26E8451EF3DDA600C4FAA6 /* SDWebImageDownloader.h */,
				AC26E8461EF3DDA600C4FAA6 /* SDWebImageDownloader.m */,
				AC26E8471EF3DDA600C4FAA6 /* SDWebImageDownloaderOperation.h */,
				AC26E8481EF3DDA600C4FAA6 /* SDWebImageDownloaderOperation.m */,
				AC26E8491EF3DDA600C4FAA6 /* SDWebImageManager.h */,
				AC26E84A1EF3DDA600C4FAA6 /* SDWebImageManager.m */,
				AC26E84B1EF3DDA600C4FAA6 /* SDWebImageOperation.h */,
				AC26E84C1EF3DDA600C4FAA6 /* SDWebImagePrefetcher.h */,
				AC26E84D1EF3DDA600C4FAA6 /* SDWebImagePrefetcher.m */,
				AC26E84E1EF3DDA600C4FAA6 /* UIButton+WebCache.h */,
				AC26E84F1EF3DDA600C4FAA6 /* UIButton+WebCache.m */,
				AC26E8501EF3DDA600C4FAA6 /* UIImage+GIF.h */,
				AC26E8511EF3DDA600C4FAA6 /* UIImage+GIF.m */,
				AC26E8521EF3DDA600C4FAA6 /* UIImage+MultiFormat.h */,
				AC26E8531EF3DDA600C4FAA6 /* UIImage+MultiFormat.m */,
				AC26E8541EF3DDA600C4FAA6 /* UIImage+WebP.h */,
				AC26E8551EF3DDA600C4FAA6 /* UIImage+WebP.m */,
				AC26E8561EF3DDA600C4FAA6 /* UIImageView+HighlightedWebCache.h */,
				AC26E8571EF3DDA600C4FAA6 /* UIImageView+HighlightedWebCache.m */,
				AC26E8581EF3DDA600C4FAA6 /* UIImageView+WebCache.h */,
				AC26E8591EF3DDA600C4FAA6 /* UIImageView+WebCache.m */,
				AC26E85A1EF3DDA600C4FAA6 /* UIView+WebCacheOperation.h */,
				AC26E85B1EF3DDA600C4FAA6 /* UIView+WebCacheOperation.m */,
			);
			path = SDWebImage;
			sourceTree = "<group>";
		};
		AC26E85C1EF3DDA600C4FAA6 /* SVPullToRefresh */ = {
			isa = PBXGroup;
			children = (
				AC26E85D1EF3DDA600C4FAA6 /* SVPullToRefresh.h */,
				AC26E85E1EF3DDA600C4FAA6 /* UIScrollView+SVInfiniteScrolling.h */,
				AC26E85F1EF3DDA600C4FAA6 /* UIScrollView+SVInfiniteScrolling.m */,
				AC26E8601EF3DDA600C4FAA6 /* UIScrollView+SVPullToRefresh.h */,
				AC26E8611EF3DDA600C4FAA6 /* UIScrollView+SVPullToRefresh.m */,
			);
			path = SVPullToRefresh;
			sourceTree = "<group>";
		};
		AC26E8621EF3DDA600C4FAA6 /* ThirdPartyPlugin */ = {
			isa = PBXGroup;
			children = (
				AC26E8631EF3DDA600C4FAA6 /* Bugly.framework */,
				AC26E8641EF3DDA600C4FAA6 /* MFThirdPartyPlugin.h */,
				AC26E8651EF3DDA600C4FAA6 /* MFThirdPartyPlugin.m */,
			);
			path = ThirdPartyPlugin;
			sourceTree = "<group>";
		};
		AC26E8661EF3DDA600C4FAA6 /* TTTAttributedLabel */ = {
			isa = PBXGroup;
			children = (
				AC26E8671EF3DDA600C4FAA6 /* TTTAttributedLabel.h */,
				AC26E8681EF3DDA600C4FAA6 /* TTTAttributedLabel.m */,
			);
			path = TTTAttributedLabel;
			sourceTree = "<group>";
		};
		AC26E8691EF3DDA600C4FAA6 /* XXNibBridge */ = {
			isa = PBXGroup;
			children = (
				AC26E86A1EF3DDA600C4FAA6 /* XXNibBridge.h */,
				AC26E86B1EF3DDA600C4FAA6 /* XXNibBridge.m */,
				AC26E86C1EF3DDA600C4FAA6 /* XXNibConvention.h */,
				AC26E86D1EF3DDA600C4FAA6 /* XXNibConvention.m */,
			);
			path = XXNibBridge;
			sourceTree = "<group>";
		};
		AC26E86E1EF3DDA600C4FAA6 /* YYModel */ = {
			isa = PBXGroup;
			children = (
				AC26E86F1EF3DDA600C4FAA6 /* NSObject+YYModel.h */,
				AC26E8701EF3DDA600C4FAA6 /* NSObject+YYModel.m */,
				AC26E8711EF3DDA600C4FAA6 /* YYClassInfo.h */,
				AC26E8721EF3DDA600C4FAA6 /* YYClassInfo.m */,
				AC26E8731EF3DDA600C4FAA6 /* YYModel.h */,
			);
			path = YYModel;
			sourceTree = "<group>";
		};
		AC26E8AD1EF3E05300C4FAA6 /* Module */ = {
			isa = PBXGroup;
			children = (
				AC26E8AE1EF3E05300C4FAA6 /* EPAppViewControllerManager.h */,
				AC26E8AF1EF3E05300C4FAA6 /* EPAppViewControllerManager.m */,
				AC26E8B11EF3E15A00C4FAA6 /* MMTabBarController.h */,
				AC26E8B21EF3E15A00C4FAA6 /* MMTabBarController.m */,
				AC26E8B41EF3E18C00C4FAA6 /* Login */,
			);
			path = Module;
			sourceTree = "<group>";
		};
		AC26E8B41EF3E18C00C4FAA6 /* Login */ = {
			isa = PBXGroup;
			children = (
				AC26E8B51EF3E1AE00C4FAA6 /* EPLoginViewController.h */,
				AC26E8B61EF3E1AE00C4FAA6 /* EPLoginViewController.m */,
			);
			path = Login;
			sourceTree = "<group>";
		};
		AC26E8BC1EF3E39700C4FAA6 /* General */ = {
			isa = PBXGroup;
			children = (
				AC950E5D1EF4AFD5003EEBD0 /* Category */,
				AC950E391EF4AF54003EEBD0 /* Class */,
				AC950E5C1EF4AF6B003EEBD0 /* Helper */,
			);
			path = General;
			sourceTree = "<group>";
		};
		AC7CC34B1EF26CC300564823 = {
			isa = PBXGroup;
			children = (
				AC7CC3561EF26CC300564823 /* EekaPOS */,
				AC26E7D31EF3B2D200C4FAA6 /* Frameworks */,
				AC7CC3551EF26CC300564823 /* Products */,
			);
			sourceTree = "<group>";
		};
		AC7CC3551EF26CC300564823 /* Products */ = {
			isa = PBXGroup;
			children = (
				AC7CC3541EF26CC300564823 /* EekaPOS.app */,
			);
			name = Products;
			sourceTree = "<group>";
		};
		AC7CC3561EF26CC300564823 /* EekaPOS */ = {
			isa = PBXGroup;
			children = (
				AC7CC35A1EF26CC300564823 /* EekaPosAppDelegate.h */,
				AC7CC35B1EF26CC300564823 /* EekaPosAppDelegate.m */,
				AC26E8AD1EF3E05300C4FAA6 /* Module */,
				AC26E7EF1EF3DD1B00C4FAA6 /* Models */,
				AC950E631EF4B184003EEBD0 /* MFFramework */,
				AC26E7F01EF3DDA600C4FAA6 /* Vendors */,
				AC26E8BC1EF3E39700C4FAA6 /* General */,
				AC26E7CF1EF3B1DE00C4FAA6 /* Macro */,
				AC7CC3601EF26CC300564823 /* Main.storyboard */,
				AC7CC3631EF26CC300564823 /* Assets.xcassets */,
				AC7CC3651EF26CC300564823 /* LaunchScreen.storyboard */,
				AC7CC3681EF26CC300564823 /* Info.plist */,
				AC26E7DC1EF3B39F00C4FAA6 /* EekaPos-pch.pch */,
				AC7CC3571EF26CC300564823 /* Supporting Files */,
			);
			path = EekaPOS;
			sourceTree = "<group>";
		};
		AC7CC3571EF26CC300564823 /* Supporting Files */ = {
			isa = PBXGroup;
			children = (
				AC7CC3581EF26CC300564823 /* main.m */,
			);
			name = "Supporting Files";
			sourceTree = "<group>";
		};
		AC950E391EF4AF54003EEBD0 /* Class */ = {
			isa = PBXGroup;
			children = (
				AC950E3A1EF4AF54003EEBD0 /* MMBaseClass.h */,
				AC950E3B1EF4AF54003EEBD0 /* MMBaseInfoItem.h */,
				AC950E3C1EF4AF54003EEBD0 /* MMBaseInfoItem.m */,
				AC950E3D1EF4AF54003EEBD0 /* MMBaseTextFieldItem.h */,
				AC950E3E1EF4AF54003EEBD0 /* MMBaseTextFieldItem.m */,
				AC950E3F1EF4AF54003EEBD0 /* MMNavigationController.h */,
				AC950E401EF4AF54003EEBD0 /* MMNavigationController.m */,
				AC950E411EF4AF54003EEBD0 /* MMObject.h */,
				AC950E421EF4AF54003EEBD0 /* MMObject.m */,
				AC950E431EF4AF54003EEBD0 /* MMOnePixLayoutConstraint.h */,
				AC950E441EF4AF54003EEBD0 /* MMOnePixLayoutConstraint.m */,
				AC950E451EF4AF54003EEBD0 /* MMSelectButton.h */,
				AC950E461EF4AF54003EEBD0 /* MMSelectButton.m */,
				AC950E471EF4AF54003EEBD0 /* MMTableViewCell.h */,
				AC950E481EF4AF54003EEBD0 /* MMTableViewCell.m */,
				AC950E491EF4AF54003EEBD0 /* MMUIBridgeView.h */,
				AC950E4A1EF4AF54003EEBD0 /* MMUIBridgeView.m */,
				AC950E4B1EF4AF54003EEBD0 /* MMUITextField.h */,
				AC950E4C1EF4AF54003EEBD0 /* MMUITextField.m */,
				AC950E4D1EF4AF54003EEBD0 /* MMUIView.h */,
				AC950E4E1EF4AF54003EEBD0 /* MMUIView.m */,
				AC950E4F1EF4AF54003EEBD0 /* MMViewController.h */,
				AC950E501EF4AF54003EEBD0 /* MMViewController.m */,
			);
			path = Class;
			sourceTree = "<group>";
		};
		AC950E5C1EF4AF6B003EEBD0 /* Helper */ = {
			isa = PBXGroup;
			children = (
			);
			path = Helper;
			sourceTree = "<group>";
		};
		AC950E5D1EF4AFD5003EEBD0 /* Category */ = {
			isa = PBXGroup;
			children = (
			);
			path = Category;
			sourceTree = "<group>";
		};
		AC950E5F1EF4B064003EEBD0 /* Aspects */ = {
			isa = PBXGroup;
			children = (
				AC950E601EF4B064003EEBD0 /* Aspects.h */,
				AC950E611EF4B064003EEBD0 /* Aspects.m */,
			);
			path = Aspects;
			sourceTree = "<group>";
		};
		AC950E631EF4B184003EEBD0 /* MFFramework */ = {
			isa = PBXGroup;
			children = (
				AC950E641EF4B184003EEBD0 /* Service */,
			);
			name = MFFramework;
			path = EekaPOS/MFFramework;
			sourceTree = SOURCE_ROOT;
		};
		AC950E641EF4B184003EEBD0 /* Service */ = {
			isa = PBXGroup;
			children = (
				AC950E651EF4B184003EEBD0 /* MMService.h */,
				AC950E661EF4B184003EEBD0 /* MMService.m */,
				AC950E671EF4B184003EEBD0 /* MMServiceCenter.h */,
				AC950E681EF4B184003EEBD0 /* MMServiceCenter.m */,
			);
			path = Service;
			sourceTree = "<group>";
		};
/* End PBXGroup section */

/* Begin PBXNativeTarget section */
		AC7CC3531EF26CC300564823 /* EekaPOS */ = {
			isa = PBXNativeTarget;
			buildConfigurationList = AC7CC36B1EF26CC300564823 /* Build configuration list for PBXNativeTarget "EekaPOS" */;
			buildPhases = (
				AC7CC3501EF26CC300564823 /* Sources */,
				AC7CC3511EF26CC300564823 /* Frameworks */,
				AC7CC3521EF26CC300564823 /* Resources */,
				AC950E6C1EF4B4DC003EEBD0 /* Run Script For Bugly dSYM Upload */,
			);
			buildRules = (
			);
			dependencies = (
			);
			name = EekaPOS;
			productName = EekaPOS;
			productReference = AC7CC3541EF26CC300564823 /* EekaPOS.app */;
			productType = "com.apple.product-type.application";
		};
/* End PBXNativeTarget section */

/* Begin PBXProject section */
		AC7CC34C1EF26CC300564823 /* Project object */ = {
			isa = PBXProject;
			attributes = {
				LastUpgradeCheck = 0830;
				ORGANIZATIONNAME = eeka;
				TargetAttributes = {
					AC7CC3531EF26CC300564823 = {
						CreatedOnToolsVersion = 8.3.1;
						DevelopmentTeam = 2C97V99SA2;
						ProvisioningStyle = Manual;
					};
				};
			};
			buildConfigurationList = AC7CC34F1EF26CC300564823 /* Build configuration list for PBXProject "EekaPOS" */;
			compatibilityVersion = "Xcode 3.2";
			developmentRegion = English;
			hasScannedForEncodings = 0;
			knownRegions = (
				en,
				Base,
			);
			mainGroup = AC7CC34B1EF26CC300564823;
			productRefGroup = AC7CC3551EF26CC300564823 /* Products */;
			projectDirPath = "";
			projectRoot = "";
			targets = (
				AC7CC3531EF26CC300564823 /* EekaPOS */,
			);
		};
/* End PBXProject section */

/* Begin PBXResourcesBuildPhase section */
		AC7CC3521EF26CC300564823 /* Resources */ = {
			isa = PBXResourcesBuildPhase;
			buildActionMask = 2147483647;
			files = (
				AC7CC3671EF26CC300564823 /* LaunchScreen.storyboard in Resources */,
				AC7CC3641EF26CC300564823 /* Assets.xcassets in Resources */,
				AC7CC3621EF26CC300564823 /* Main.storyboard in Resources */,
			);
			runOnlyForDeploymentPostprocessing = 0;
		};
/* End PBXResourcesBuildPhase section */

/* Begin PBXShellScriptBuildPhase section */
		AC950E6C1EF4B4DC003EEBD0 /* Run Script For Bugly dSYM Upload */ = {
			isa = PBXShellScriptBuildPhase;
			buildActionMask = 2147483647;
			files = (
			);
			inputPaths = (
			);
			name = "Run Script For Bugly dSYM Upload";
			outputPaths = (
			);
			runOnlyForDeploymentPostprocessing = 0;
			shellPath = /bin/sh;
			shellScript = "#!/bin/sh\n# Copyright 2014-2016 Bugly, Tencent. All rights reserved.\n#\n# V1.2.1\n#\n# 2016.03.02\n#\n#\n################################################################################\n# # 注意: 请配置下面的信息\n################################################################################\nBUGLY_APP_ID=\"3f8f72c024\"\nBUGLY_APP_KEY=\"3ed650be-92a2-4597-880a-354bf83a5b7e\"\nBUNDLE_IDENTIFIER=\"cn.eeka.eekapos\"\n################################################################################\n# # 自定义配置\n################################################################################\n# # Debug模式编译是否上传，1＝上传 0＝不上传，默认不上传\nUPLOAD_DEBUG_SYMBOLS=1\n#\n# # 模拟器编译是否上传，1=上传 0=不上传，默认不上传\n# UPLOAD_SIMULATOR_SYMBOLS=0\n#\n# #只有Archive操作时上传, 1=支持Archive上传 0=所有Release模式编译都上传\nUPLOAD_ARCHIVE_ONLY=0\n#\n# # 脚本默认配置的版本格式为CFBundleShortVersionString(CFBundleVersion),  如果你修改默认的版本格式, 请设置此变量, 如果不想修改, 请忽略此设置\n# CUSTOMIZED_APP_VERSION=\"\"\n#\n#\n#\n# This script will extract symbols from the .dSYM and generate .symbol file(Bugly supported) and upload to server.\n# You could visit http://bugly.qq.com to get more details about Bugly.(Optional: buylyweb.et.wsd.com)\n#\n# Usage:\n#   * The instructions assume you have copyed this script into your project int Xcode.\n#   * Copy the \"buglySymbolIOS.jar\" file into the \"~/bin\" folder.\n#   * Open the project editor, select your build target.\n#   * Click \"Build Phases\" at the top of the project editor.\n#   * Click \"+\" button in the top left corner and select \"New Run Script Phase\".\n#   * Click \"Run Script\".\n#   * Paste the following script into the dark text box. You will have to uncomment the lines (remove the #) of course.\n#\n# --- SCRIPT BEGINS ON NEXT LINE, COPY AND EDIT FROM THERE ---\n#\n#\n#\n# --- END OF SCRIPT ---\n\n\n################################################################################\n# 注意: 如果你不知道此脚本的执行流程和用法，请不要随便修改！\n################################################################################\n\n# 退出执行并打印提示信息\nexitWithMessage() {\n    echo \"--------------------------------\"\n    echo -e \"${1}\"\n    echo \"--------------------------------\"\n    echo \"No upload and exit.\"\n    echo \"----------------------------------------------------------------\"\n    exit ${2}\n}\n\necho \"----------------------------------------------------------------\"\necho \"Copyright 2014-2015 Bugly @Tencent. All rights reserved.\"\n\necho \"This script will extract symbols from the .dSYM file and generate .symbol file(Bugly supported) and upload to server.\"\necho \"You could visit http://bugly.qq.com to get more details about Bugly.\"\necho \"----------------------------------------------------------------\"\n\necho \"Uploading dSYM to Bugly.\"\necho \"\"\n\n# Bugly服务域名\nDSYM_UPLOAD_DOMAIN=\"bugly.qq.com\"\n\n# 读取Info.plist文件中的版本信息\necho \"Info.Plist : ${INFOPLIST_FILE}\"\n\nBUNDLE_VERSION=$(/usr/libexec/PlistBuddy -c 'Print CFBundleVersion' \"${INFOPLIST_FILE}\")\nBUNDLE_SHORT_VERSION=$(/usr/libexec/PlistBuddy -c 'Print CFBundleShortVersionString' \"${INFOPLIST_FILE}\")\n\n# 组装Bugly默认识别的版本信息(格式为CFBundleShortVersionString(CFBundleVersion), 例如: 1.0(1))\nif [ ! \"${CUSTOMIZED_APP_VERSION}\" ]; then\nBUGLY_APP_VERSION=\"${BUNDLE_SHORT_VERSION}(${BUNDLE_VERSION})\"\nelse\nBUGLY_APP_VERSION=\"${CUSTOMIZED_APP_VERSION}\"\nfi\n\n# Bugly符号提取工具路径, 请确保buglySymboliOS.jar的路径是正确的\nBUGLY_SYMBOL_JAR_PATH=\"${SRCROOT}/dsymtool/buglySymboliOS.jar\"\nif [ ! -f \"${BUGLY_SYMBOL_JAR_PATH}\" ]; then\nBUGLY_SYMBOL_JAR_PATH=\"$HOME/bin/buglySymboliOS.jar\"\nfi\n\necho \"--------------------------------\"\necho \"Step 1: Prepare application information.\"\necho \"--------------------------------\"\n\necho \"Product Name: ${PRODUCT_NAME}\"\necho \"Bundle Identifier: ${BUNDLE_IDENTIFIER}\"\necho \"Version: ${BUNDLE_SHORT_VERSION}\"\necho \"Build: ${BUNDLE_VERSION}\"\n\necho \"Bugly App ID: ${BUGLY_APP_ID}\"\necho \"Bugly App key: ${BUGLY_APP_KEY}\"\necho \"Bugly App Version: ${BUGLY_APP_VERSION}\"\n\necho \"--------------------------------\"\necho \"Step 2: Check the arguments ...\"\n\n##检查模拟器编译是否允许上传符号\nif [ \"$EFFECTIVE_PLATFORM_NAME\" == \"-iphonesimulator\" ]; then\nif [ $UPLOAD_SIMULATOR_SYMBOLS -eq 0 ]; then\nexitWithMessage \"Warning: Build for simulator and skipping to upload. \\nYou can modify 'UPLOAD_SIMULATOR_SYMBOLS' to 1 in the script.\" 0\nfi\nfi\n\n##检查是否是Release模式编译\nif [ \"${CONFIGURATION=}\" == \"Debug\" ]; then\nif [ $UPLOAD_DEBUG_SYMBOLS -eq 0 ]; then\nexitWithMessage \"Warning: Build for debug mode and skipping to upload. \\nYou can modify 'UPLOAD_DEBUG_SYMBOLS' to 1 in the script.\" 0\nfi\nfi\n\n##检查是否Archive操作\nif [ $UPLOAD_ARCHIVE_ONLY -eq 1 ]; then\nif [[ \"$TARGET_BUILD_DIR\" == *\"/Archive\"* ]]; then\necho \"Archive the package\"\nelse\nexitWithMessage \"Warning: Build for NOT Archive mode and skipping to upload. \\nYou can modify 'UPLOAD_ARCHIVE_ONLY' to 0 in the script.\" 0\nfi\nfi\n\n# 检查必须参数是否设置\nif [ ! \"${BUGLY_APP_ID}\" ]; then\nexitWithMessage \"Error: Bugly App ID not defined. Please set 'BUGLY_APP_ID' \" 0\nfi\nif [[ \"${BUGLY_APP_ID}\" == *\"App ID\"* ]]; then\nexitWithMessage \"Error: Bugly App ID not defined.\" 0\nfi\n\nif [ ! \"${BUGLY_APP_KEY}\" ]; then\nexitWithMessage \"Error: Bugly APP Key not defined.\" 0\nfi\n\nif [ ! \"${BUNDLE_IDENTIFIER}\" ]; then\nexitWithMessage \"Error: Bundle Identifier not defined.\" 0\nfi\n\nfunction uploadDSYM {\n    DSYM_SRC=\"$1\"\n    echo \".dSYM file: ${DSYM_SRC}\"\n    if [ ! -d \"$DSYM_SRC\" ]; then\n    exitWithMessage \"dSYM source not found: ${DSYM_SRC}\" 0\n    fi\n    DSYM_FILE_NAME=${DSYM_SRC##*/}\n        DSYM_SYMBOL_OUT_ZIP_NAME=\"${DSYM_FILE_NAME}.bSymbol.zip\"\n        # 替换空格\n        DSYM_SYMBOL_OUT_ZIP_NAME=\"${DSYM_SYMBOL_OUT_ZIP_NAME// /_}\"\n        \n        # 声明符号表临时目录和备份目录\n        DSYM_ZIP_OUT_DIR=${BUILD_DIR}/BuglySymbolsTemp\n        DSYM_SYMBOL_BACKUP_DIR=${BUILD_DIR}/BuglySymbolsBackup\n        \n        if [ ! -e \"${DSYM_ZIP_OUT_DIR}\" ]; then\n        mkdir ${DSYM_ZIP_OUT_DIR}\n        fi\n        \n        if [ ! -e \"${DSYM_SYMBOL_BACKUP_DIR}\" ]; then\n        mkdir ${DSYM_SYMBOL_BACKUP_DIR}\n        fi\n        \n        # 备份并清理\n        find ${DSYM_ZIP_OUT_DIR} -name \"*.bSymbol.zip\" -print0 | xargs -0 -I {} mv {} ${DSYM_SYMBOL_BACKUP_DIR}\n        /bin/rm -rf \"${DSYM_ZIP_OUT_DIR}/*.bSymbol.zip\"\n        \n        DSYM_ZIP_FPATH=\"${DSYM_ZIP_OUT_DIR}/${DSYM_SYMBOL_OUT_ZIP_NAME}\"\n        \n        # 提取符号信息\n        echo \"--------------------------------\"\n        echo \"Step 3: Extract symbol info from .dSYM file. to ${DSYM_ZIP_FPATH}\"\n        \n        if [ ! -f \"$BUGLY_SYMBOL_JAR_PATH\" ]; then\n        exitWithMessage \"Error: Jar file '${BUGLY_SYMBOL_JAR_PATH}' was not found. \\nPlease copy the jar file into ~/bin folder.\" 1\n        fi\n        \n        echo \"--------------------------------\"\n        (/usr/bin/java -jar \"${BUGLY_SYMBOL_JAR_PATH}\" -i \"${DSYM_SRC}\" -o \"${DSYM_ZIP_FPATH}\" ) || exitWithMessage \"Error: Failed to extract symbols.\" 1\n        echo \"--------------------------------\"\n        \n        if [ ! -e \"${DSYM_ZIP_FPATH}\" ]; then\n        DSYM_SYMBOL_OUT_ZIP_NAME=$(ls ${DSYM_ZIP_OUT_DIR} | grep \".bSymbol.zip\")\n        DSYM_ZIP_FPATH=\"${DSYM_ZIP_OUT_DIR}/${DSYM_SYMBOL_OUT_ZIP_NAME}\"\n        DSYM_SYMBOL_OUT_ZIP_NAME=${DSYM_SYMBOL_OUT_ZIP_NAME//&/_}\n            fi\n            \n            if [ ! -e \"${DSYM_ZIP_FPATH}\" ] ; then\n            exitWithMessage \"no symbol file zip archive generated: ${DSYM_ZIP_FPATH}\" 0\n            fi\n            \n            echo \"Step 4: Upload the symbols of dSYM.\"\n            echo \"--------------------------------\"\n            echo \"zip : ${DSYM_SYMBOL_OUT_ZIP_NAME}\"\n            echo \"dir : ${DSYM_ZIP_FPATH}\"\n            \n            echo \"dSYM upload domain: ${DSYM_UPLOAD_DOMAIN}\"\n            DSYM_UPLOAD_URL=\"http://${DSYM_UPLOAD_DOMAIN}/upload/dsym?app=${BUGLY_APP_ID}&pid=2&ver=${BUGLY_APP_VERSION}&n=${DSYM_SYMBOL_OUT_ZIP_NAME}&key=${BUGLY_APP_KEY}&bid=${BUNDLE_IDENTIFIER}\"\n            echo \"dSYM upload url: ${DSYM_UPLOAD_URL}\"\n            \n            # Upload dSYM to Bugly\n            echo \"curl --header \"Content-Type:application/zip\" --data-binary \"@${DSYM_ZIP_FPATH}\" \"${DSYM_UPLOAD_URL}\" --verbose\"\n            \n            echo \"--------------------------------\"\n            STATUS=$(/usr/bin/curl --header \"Content-Type:application/zip\" --data-binary \"@${DSYM_ZIP_FPATH}\" \"${DSYM_UPLOAD_URL}\" --verbose)\n            echo \"--------------------------------\"\n            \n            UPLOAD_RESULT=\"FAILTURE\"\n            echo \"Bugly server response: ${STATUS}\"\n            if [ ! \"${STATUS}\" ]; then\n            echo \"Error: Failed to upload the zip archive file.\"\n            elif [[ \"${STATUS}\" == *\":true\"* ]]; then\n            echo \"Success to upload the dSYM for the app [${BUNDLE_IDENTIFIER} ${BUGLY_APP_VERSION}]\"\n            UPLOAD_RESULT=\"SUCCESS\"\n            else\n            echo \"Error: Failed to upload the zip archive file to Bugly.\"\n            fi\n            \n            #Remove temp dSYM archive\n            echo \"Remove temporary zip archive: ${DSYM_ZIP_FPATH}\"\n            #/bin/rm -f \"${DSYM_ZIP_FPATH}\"\n            \n            if [ \"$?\" -ne 0 ]; then\n            exitWithMessage \"Error: Failed to remove temporary zip archive.\" 0\n            fi\n            \n            echo \"--------------------------------\"\n            echo \"${UPLOAD_RESULT} - dSYM upload complete.\"\n            \n            if [[ \"${UPLOAD_RESULT}\" == \"FAILTURE\" ]]; then\n            echo \"--------------------------------\"\n            echo \"Failed to upload the dSYM\"\n            echo \"Please check the script and try it again.\"\n            fi\n            \n            echo \"----------------------------------------------------------------\"\n        }\n        \n        # .dSYM文件信息\n        \n        DSYM_FOLDER=\"${DWARF_DSYM_FOLDER_PATH}\"\n        IFS=$'\\n'\n        \n        echo \"Scaning dSYM FOLDER: ${DSYM_FOLDER} ...\"\n        RET=\"F\"\n        \n        for dsymFile in $(find \"$DSYM_FOLDER\" -name '*.dSYM'); do\n        RET=\"T\"\n        echo \"Found dSYM file: $dsymFile\"\n        uploadDSYM $dsymFile\n        done\n        \n        if [ $RET = \"F\" ]; then\n        exitWithMessage \"No .dSYM found in ${DSYM_FOLDER}\" 0\n        fi\n";
		};
/* End PBXShellScriptBuildPhase section */

/* Begin PBXSourcesBuildPhase section */
		AC7CC3501EF26CC300564823 /* Sources */ = {
			isa = PBXSourcesBuildPhase;
			buildActionMask = 2147483647;
			files = (
				AC26E8881EF3DDA600C4FAA6 /* MFNetwork.m in Sources */,
				AC26E87F1EF3DDA600C4FAA6 /* YTKBatchRequest+AnimatingAccessory.m in Sources */,
				AC26E8961EF3DDA600C4FAA6 /* SDWebImageCompat.m in Sources */,
				AC26E88E1EF3DDA600C4FAA6 /* YTKChainRequestAgent.m in Sources */,
				AC950E6A1EF4B184003EEBD0 /* MMServiceCenter.m in Sources */,
				AC26E8811EF3DDA600C4FAA6 /* AFHTTPSessionManager.m in Sources */,
				AC26E89C1EF3DDA600C4FAA6 /* UIButton+WebCache.m in Sources */,
				AC26E8851EF3DDA600C4FAA6 /* AFURLResponseSerialization.m in Sources */,
				AC26E8911EF3DDA600C4FAA6 /* YTKNetworkPrivate.m in Sources */,
				AC26E89A1EF3DDA600C4FAA6 /* SDWebImageManager.m in Sources */,
				AC26E8A61EF3DDA600C4FAA6 /* MFThirdPartyPlugin.m in Sources */,
				AC26E8821EF3DDA600C4FAA6 /* AFNetworkReachabilityManager.m in Sources */,
				AC26E8921EF3DDA600C4FAA6 /* YTKRequest.m in Sources */,
				AC26E8971EF3DDA600C4FAA6 /* SDWebImageDecoder.m in Sources */,
				AC950E571EF4AF54003EEBD0 /* MMTableViewCell.m in Sources */,
				AC26E8751EF3DDA600C4FAA6 /* MBProgressHUD.m in Sources */,
				AC26E8891EF3DDA600C4FAA6 /* MFNetworkRequest.m in Sources */,
				AC26E88C1EF3DDA600C4FAA6 /* YTKBatchRequestAgent.m in Sources */,
				AC26E89F1EF3DDA600C4FAA6 /* UIImage+WebP.m in Sources */,
				AC26E8901EF3DDA600C4FAA6 /* YTKNetworkConfig.m in Sources */,
				AC26E8991EF3DDA600C4FAA6 /* SDWebImageDownloaderOperation.m in Sources */,
				AC950E511EF4AF54003EEBD0 /* MMBaseInfoItem.m in Sources */,
				AC26E8931EF3DDA600C4FAA6 /* MKAnnotationView+WebCache.m in Sources */,
				AC7CC35C1EF26CC300564823 /* EekaPosAppDelegate.m in Sources */,
				AC26E8B71EF3E1AE00C4FAA6 /* EPLoginViewController.m in Sources */,
				AC26E88A1EF3DDA600C4FAA6 /* YTKBaseRequest.m in Sources */,
				AC26E8A01EF3DDA600C4FAA6 /* UIImageView+HighlightedWebCache.m in Sources */,
				AC26E8A91EF3DDA600C4FAA6 /* XXNibConvention.m in Sources */,
				AC26E87D1EF3DDA600C4FAA6 /* YTKAnimatingRequestAccessory.m in Sources */,
				AC26E8A81EF3DDA600C4FAA6 /* XXNibBridge.m in Sources */,
				AC950E691EF4B184003EEBD0 /* MMService.m in Sources */,
				AC950E621EF4B064003EEBD0 /* Aspects.m in Sources */,
				AC26E8841EF3DDA600C4FAA6 /* AFURLRequestSerialization.m in Sources */,
				AC26E8AA1EF3DDA600C4FAA6 /* NSObject+YYModel.m in Sources */,
				AC26E8A11EF3DDA600C4FAA6 /* UIImageView+WebCache.m in Sources */,
				AC26E8AB1EF3DDA600C4FAA6 /* YYClassInfo.m in Sources */,
				AC950E581EF4AF54003EEBD0 /* MMUIBridgeView.m in Sources */,
				AC7CC3591EF26CC300564823 /* main.m in Sources */,
				AC26E8B31EF3E15A00C4FAA6 /* MMTabBarController.m in Sources */,
				AC26E8A21EF3DDA600C4FAA6 /* UIView+WebCacheOperation.m in Sources */,
				AC26E8801EF3DDA600C4FAA6 /* YTKChainRequest+AnimatingAccessory.m in Sources */,
				AC26E8A31EF3DDA600C4FAA6 /* UIScrollView+SVInfiniteScrolling.m in Sources */,
				AC950E591EF4AF54003EEBD0 /* MMUITextField.m in Sources */,
				AC26E8B01EF3E05300C4FAA6 /* EPAppViewControllerManager.m in Sources */,
				AC26E88D1EF3DDA600C4FAA6 /* YTKChainRequest.m in Sources */,
				AC26E8831EF3DDA600C4FAA6 /* AFSecurityPolicy.m in Sources */,
				AC26E8741EF3DDA600C4FAA6 /* HexColors.m in Sources */,
				AC26E8981EF3DDA600C4FAA6 /* SDWebImageDownloader.m in Sources */,
				AC26E8871EF3DDA600C4FAA6 /* HYBNetworking.m in Sources */,
				AC26E89D1EF3DDA600C4FAA6 /* UIImage+GIF.m in Sources */,
				AC26E87E1EF3DDA600C4FAA6 /* YTKBaseRequest+AnimatingAccessory.m in Sources */,
				AC950E521EF4AF54003EEBD0 /* MMBaseTextFieldItem.m in Sources */,
				AC26E8951EF3DDA600C4FAA6 /* SDImageCache.m in Sources */,
				AC950E5B1EF4AF54003EEBD0 /* MMViewController.m in Sources */,
				AC26E8A41EF3DDA600C4FAA6 /* UIScrollView+SVPullToRefresh.m in Sources */,
				AC26E8941EF3DDA600C4FAA6 /* NSData+ImageContentType.m in Sources */,
				AC950E561EF4AF54003EEBD0 /* MMSelectButton.m in Sources */,
				AC26E88F1EF3DDA600C4FAA6 /* YTKNetworkAgent.m in Sources */,
				AC26E89B1EF3DDA600C4FAA6 /* SDWebImagePrefetcher.m in Sources */,
				AC26E89E1EF3DDA600C4FAA6 /* UIImage+MultiFormat.m in Sources */,
				AC950E5A1EF4AF54003EEBD0 /* MMUIView.m in Sources */,
				AC26E8861EF3DDA600C4FAA6 /* AFURLSessionManager.m in Sources */,
				AC26E8BA1EF3E20900C4FAA6 /* EPLoginUserModel.m in Sources */,
				AC950E541EF4AF54003EEBD0 /* MMObject.m in Sources */,
				AC950E551EF4AF54003EEBD0 /* MMOnePixLayoutConstraint.m in Sources */,
				AC950E531EF4AF54003EEBD0 /* MMNavigationController.m in Sources */,
				AC26E88B1EF3DDA600C4FAA6 /* YTKBatchRequest.m in Sources */,
				AC26E8A71EF3DDA600C4FAA6 /* TTTAttributedLabel.m in Sources */,
			);
			runOnlyForDeploymentPostprocessing = 0;
		};
/* End PBXSourcesBuildPhase section */

/* Begin PBXVariantGroup section */
		AC7CC3601EF26CC300564823 /* Main.storyboard */ = {
			isa = PBXVariantGroup;
			children = (
				AC7CC3611EF26CC300564823 /* Base */,
			);
			name = Main.storyboard;
			sourceTree = "<group>";
		};
		AC7CC3651EF26CC300564823 /* LaunchScreen.storyboard */ = {
			isa = PBXVariantGroup;
			children = (
				AC7CC3661EF26CC300564823 /* Base */,
			);
			name = LaunchScreen.storyboard;
			sourceTree = "<group>";
		};
/* End PBXVariantGroup section */

/* Begin XCBuildConfiguration section */
		AC7CC3691EF26CC300564823 /* Debug */ = {
			isa = XCBuildConfiguration;
			buildSettings = {
				ALWAYS_SEARCH_USER_PATHS = NO;
				CLANG_ANALYZER_NONNULL = YES;
				CLANG_ANALYZER_NUMBER_OBJECT_CONVERSION = YES_AGGRESSIVE;
				CLANG_CXX_LANGUAGE_STANDARD = "gnu++0x";
				CLANG_CXX_LIBRARY = "libc++";
				CLANG_ENABLE_MODULES = YES;
				CLANG_ENABLE_OBJC_ARC = YES;
				CLANG_WARN_BOOL_CONVERSION = YES;
				CLANG_WARN_CONSTANT_CONVERSION = YES;
				CLANG_WARN_DIRECT_OBJC_ISA_USAGE = YES_ERROR;
				CLANG_WARN_DOCUMENTATION_COMMENTS = YES;
				CLANG_WARN_EMPTY_BODY = YES;
				CLANG_WARN_ENUM_CONVERSION = YES;
				CLANG_WARN_INFINITE_RECURSION = YES;
				CLANG_WARN_INT_CONVERSION = YES;
				CLANG_WARN_OBJC_ROOT_CLASS = YES_ERROR;
				CLANG_WARN_SUSPICIOUS_MOVE = YES;
				CLANG_WARN_UNREACHABLE_CODE = YES;
				CLANG_WARN__DUPLICATE_METHOD_MATCH = YES;
				"CODE_SIGN_IDENTITY[sdk=iphoneos*]" = "iPhone Developer";
				COPY_PHASE_STRIP = NO;
				DEBUG_INFORMATION_FORMAT = dwarf;
				ENABLE_STRICT_OBJC_MSGSEND = YES;
				ENABLE_TESTABILITY = YES;
				GCC_C_LANGUAGE_STANDARD = gnu99;
				GCC_DYNAMIC_NO_PIC = NO;
				GCC_NO_COMMON_BLOCKS = YES;
				GCC_OPTIMIZATION_LEVEL = 0;
				GCC_PREPROCESSOR_DEFINITIONS = (
					"DEBUG=1",
					"$(inherited)",
				);
				GCC_WARN_64_TO_32_BIT_CONVERSION = YES;
				GCC_WARN_ABOUT_RETURN_TYPE = YES_ERROR;
				GCC_WARN_UNDECLARED_SELECTOR = YES;
				GCC_WARN_UNINITIALIZED_AUTOS = YES_AGGRESSIVE;
				GCC_WARN_UNUSED_FUNCTION = YES;
				GCC_WARN_UNUSED_VARIABLE = YES;
				IPHONEOS_DEPLOYMENT_TARGET = 10.3;
				MTL_ENABLE_DEBUG_INFO = YES;
				ONLY_ACTIVE_ARCH = YES;
				SDKROOT = iphoneos;
				TARGETED_DEVICE_FAMILY = "1,2";
			};
			name = Debug;
		};
		AC7CC36A1EF26CC300564823 /* Release */ = {
			isa = XCBuildConfiguration;
			buildSettings = {
				ALWAYS_SEARCH_USER_PATHS = NO;
				CLANG_ANALYZER_NONNULL = YES;
				CLANG_ANALYZER_NUMBER_OBJECT_CONVERSION = YES_AGGRESSIVE;
				CLANG_CXX_LANGUAGE_STANDARD = "gnu++0x";
				CLANG_CXX_LIBRARY = "libc++";
				CLANG_ENABLE_MODULES = YES;
				CLANG_ENABLE_OBJC_ARC = YES;
				CLANG_WARN_BOOL_CONVERSION = YES;
				CLANG_WARN_CONSTANT_CONVERSION = YES;
				CLANG_WARN_DIRECT_OBJC_ISA_USAGE = YES_ERROR;
				CLANG_WARN_DOCUMENTATION_COMMENTS = YES;
				CLANG_WARN_EMPTY_BODY = YES;
				CLANG_WARN_ENUM_CONVERSION = YES;
				CLANG_WARN_INFINITE_RECURSION = YES;
				CLANG_WARN_INT_CONVERSION = YES;
				CLANG_WARN_OBJC_ROOT_CLASS = YES_ERROR;
				CLANG_WARN_SUSPICIOUS_MOVE = YES;
				CLANG_WARN_UNREACHABLE_CODE = YES;
				CLANG_WARN__DUPLICATE_METHOD_MATCH = YES;
				"CODE_SIGN_IDENTITY[sdk=iphoneos*]" = "iPhone Developer";
				COPY_PHASE_STRIP = NO;
				DEBUG_INFORMATION_FORMAT = "dwarf-with-dsym";
				ENABLE_NS_ASSERTIONS = NO;
				ENABLE_STRICT_OBJC_MSGSEND = YES;
				GCC_C_LANGUAGE_STANDARD = gnu99;
				GCC_NO_COMMON_BLOCKS = YES;
				GCC_WARN_64_TO_32_BIT_CONVERSION = YES;
				GCC_WARN_ABOUT_RETURN_TYPE = YES_ERROR;
				GCC_WARN_UNDECLARED_SELECTOR = YES;
				GCC_WARN_UNINITIALIZED_AUTOS = YES_AGGRESSIVE;
				GCC_WARN_UNUSED_FUNCTION = YES;
				GCC_WARN_UNUSED_VARIABLE = YES;
				IPHONEOS_DEPLOYMENT_TARGET = 10.3;
				MTL_ENABLE_DEBUG_INFO = NO;
				SDKROOT = iphoneos;
				TARGETED_DEVICE_FAMILY = "1,2";
				VALIDATE_PRODUCT = YES;
			};
			name = Release;
		};
		AC7CC36C1EF26CC300564823 /* Debug */ = {
			isa = XCBuildConfiguration;
			buildSettings = {
				ASSETCATALOG_COMPILER_APPICON_NAME = AppIcon;
				CODE_SIGN_IDENTITY = "iPhone Developer: xu yiheng (8BZ9HQD624)";
				"CODE_SIGN_IDENTITY[sdk=iphoneos*]" = "iPhone Developer: xu yiheng (8BZ9HQD624)";
				DEVELOPMENT_TEAM = 2C97V99SA2;
				FRAMEWORK_SEARCH_PATHS = (
					"$(inherited)",
					"$(PROJECT_DIR)/EekaPOS/ThirdLib/ThirdPartyPlugin",
					"$(PROJECT_DIR)/EekaPOS/Vendors/ThirdPartyPlugin",
				);
				GCC_INCREASE_PRECOMPILED_HEADER_SHARING = NO;
				GCC_PREFIX_HEADER = "$(SRCROOT)/EekaPOS/EekaPos-pch.pch";
				INFOPLIST_FILE = EekaPOS/Info.plist;
				IPHONEOS_DEPLOYMENT_TARGET = 8.0;
				LD_RUNPATH_SEARCH_PATHS = "$(inherited) @executable_path/Frameworks";
				PRODUCT_BUNDLE_IDENTIFIER = cn.eeka.eekapos;
				PRODUCT_NAME = "$(TARGET_NAME)";
				PROVISIONING_PROFILE = "e6dbaf96-1abe-4d7f-8ff4-b0fc6b4b55e3";
				PROVISIONING_PROFILE_SPECIFIER = "EekaPOS开发描述文件";
			};
			name = Debug;
		};
		AC7CC36D1EF26CC300564823 /* Release */ = {
			isa = XCBuildConfiguration;
			buildSettings = {
				ASSETCATALOG_COMPILER_APPICON_NAME = AppIcon;
				CODE_SIGN_IDENTITY = "iPhone Distribution: SHENZHEN EEKA FASHION CO.,LTD";
				"CODE_SIGN_IDENTITY[sdk=iphoneos*]" = "iPhone Distribution: SHENZHEN EEKA FASHION CO.,LTD";
				DEVELOPMENT_TEAM = 2C97V99SA2;
				FRAMEWORK_SEARCH_PATHS = (
					"$(inherited)",
					"$(PROJECT_DIR)/EekaPOS/ThirdLib/ThirdPartyPlugin",
					"$(PROJECT_DIR)/EekaPOS/Vendors/ThirdPartyPlugin",
				);
				GCC_INCREASE_PRECOMPILED_HEADER_SHARING = NO;
				GCC_PREFIX_HEADER = "$(SRCROOT)/EekaPOS/EekaPos-pch.pch";
				INFOPLIST_FILE = EekaPOS/Info.plist;
				IPHONEOS_DEPLOYMENT_TARGET = 8.0;
				LD_RUNPATH_SEARCH_PATHS = "$(inherited) @executable_path/Frameworks";
				PRODUCT_BUNDLE_IDENTIFIER = cn.eeka.eekapos;
				PRODUCT_NAME = "$(TARGET_NAME)";
				PROVISIONING_PROFILE = "8981bcaf-fbca-46bc-b23b-9059ea3622a4";
				PROVISIONING_PROFILE_SPECIFIER = "EekaPOS发布描述文件";
			};
			name = Release;
		};
/* End XCBuildConfiguration section */

/* Begin XCConfigurationList section */
		AC7CC34F1EF26CC300564823 /* Build configuration list for PBXProject "EekaPOS" */ = {
			isa = XCConfigurationList;
			buildConfigurations = (
				AC7CC3691EF26CC300564823 /* Debug */,
				AC7CC36A1EF26CC300564823 /* Release */,
			);
			defaultConfigurationIsVisible = 0;
			defaultConfigurationName = Release;
		};
		AC7CC36B1EF26CC300564823 /* Build configuration list for PBXNativeTarget "EekaPOS" */ = {
			isa = XCConfigurationList;
			buildConfigurations = (
				AC7CC36C1EF26CC300564823 /* Debug */,
				AC7CC36D1EF26CC300564823 /* Release */,
			);
			defaultConfigurationIsVisible = 0;
			defaultConfigurationName = Release;
		};
/* End XCConfigurationList section */
	};
	rootObject = AC7CC34C1EF26CC300564823 /* Project object */;
}
